// !$*UTF8*$!
{
	archiveVersion = 1;
	classes = {
	};
	objectVersion = 50;
	objects = {

/* Begin PBXBuildFile section */
		E040CED5227260A300CD30D7 /* AppDelegate.swift in Sources */ = {isa = PBXBuildFile; fileRef = E040CED4227260A300CD30D7 /* AppDelegate.swift */; };
		E040CEDC227260A400CD30D7 /* Assets.xcassets in Resources */ = {isa = PBXBuildFile; fileRef = E040CEDB227260A400CD30D7 /* Assets.xcassets */; };
		E040CEDF227260A400CD30D7 /* LaunchScreen.storyboard in Resources */ = {isa = PBXBuildFile; fileRef = E040CEDD227260A400CD30D7 /* LaunchScreen.storyboard */; };
		E040CEEA227260A500CD30D7 /* ChuckNorrisTests.swift in Sources */ = {isa = PBXBuildFile; fileRef = E040CEE9227260A500CD30D7 /* ChuckNorrisTests.swift */; };
		E040CEF52272658000CD30D7 /* FactsViewController.swift in Sources */ = {isa = PBXBuildFile; fileRef = E040CEF42272658000CD30D7 /* FactsViewController.swift */; };
		E040CEF82272662400CD30D7 /* UIView+Extension.swift in Sources */ = {isa = PBXBuildFile; fileRef = E040CEF72272662400CD30D7 /* UIView+Extension.swift */; };
		E040CEFA2272669100CD30D7 /* UICollectionView+Extension.swift in Sources */ = {isa = PBXBuildFile; fileRef = E040CEF92272669100CD30D7 /* UICollectionView+Extension.swift */; };
		E040CEFC227266D300CD30D7 /* UICollectionReusableView+Extension.swift in Sources */ = {isa = PBXBuildFile; fileRef = E040CEFB227266D300CD30D7 /* UICollectionReusableView+Extension.swift */; };
		E040CF002272675200CD30D7 /* Coordinator.swift in Sources */ = {isa = PBXBuildFile; fileRef = E040CEFF2272675200CD30D7 /* Coordinator.swift */; };
		E040CF022272679800CD30D7 /* ApplicationCoordinator.swift in Sources */ = {isa = PBXBuildFile; fileRef = E040CF012272679800CD30D7 /* ApplicationCoordinator.swift */; };
		E040CF05227267C600CD30D7 /* FactsCoordinator.swift in Sources */ = {isa = PBXBuildFile; fileRef = E040CF04227267C600CD30D7 /* FactsCoordinator.swift */; };
		E040CF092272684200CD30D7 /* ChuckNorrisWebservice.swift in Sources */ = {isa = PBXBuildFile; fileRef = E040CF082272684200CD30D7 /* ChuckNorrisWebservice.swift */; };
		E040CF0D22726C5300CD30D7 /* CodeView.swift in Sources */ = {isa = PBXBuildFile; fileRef = E040CF0C22726C5300CD30D7 /* CodeView.swift */; };
		E040CF1022726ECC00CD30D7 /* Color.swift in Sources */ = {isa = PBXBuildFile; fileRef = E040CF0F22726ECC00CD30D7 /* Color.swift */; };
		E040CF1222727A2000CD30D7 /* FactsViewControllerScreen.swift in Sources */ = {isa = PBXBuildFile; fileRef = E040CF1122727A2000CD30D7 /* FactsViewControllerScreen.swift */; };
		E040CF1422727A6D00CD30D7 /* FactsViewControllerViewState.swift in Sources */ = {isa = PBXBuildFile; fileRef = E040CF1322727A6D00CD30D7 /* FactsViewControllerViewState.swift */; };
		E040CF1622727BA000CD30D7 /* ApiError.swift in Sources */ = {isa = PBXBuildFile; fileRef = E040CF1522727BA000CD30D7 /* ApiError.swift */; };
		E040CF18227288DC00CD30D7 /* FactsCollectionViewCell.swift in Sources */ = {isa = PBXBuildFile; fileRef = E040CF17227288DC00CD30D7 /* FactsCollectionViewCell.swift */; };
		E040CF1A2272894B00CD30D7 /* UILabel+Extension.swift in Sources */ = {isa = PBXBuildFile; fileRef = E040CF192272894B00CD30D7 /* UILabel+Extension.swift */; };
		E040CF1C22728BA400CD30D7 /* FactsDataSource.swift in Sources */ = {isa = PBXBuildFile; fileRef = E040CF1B22728BA400CD30D7 /* FactsDataSource.swift */; };
/* End PBXBuildFile section */

/* Begin PBXContainerItemProxy section */
		E040CEE6227260A400CD30D7 /* PBXContainerItemProxy */ = {
			isa = PBXContainerItemProxy;
			containerPortal = E040CEC9227260A300CD30D7 /* Project object */;
			proxyType = 1;
			remoteGlobalIDString = E040CED0227260A300CD30D7;
			remoteInfo = ChuckNorris;
		};
/* End PBXContainerItemProxy section */

/* Begin PBXFileReference section */
		E040CED1227260A300CD30D7 /* ChuckNorris.app */ = {isa = PBXFileReference; explicitFileType = wrapper.application; includeInIndex = 0; path = ChuckNorris.app; sourceTree = BUILT_PRODUCTS_DIR; };
		E040CED4227260A300CD30D7 /* AppDelegate.swift */ = {isa = PBXFileReference; lastKnownFileType = sourcecode.swift; path = AppDelegate.swift; sourceTree = "<group>"; };
		E040CEDB227260A400CD30D7 /* Assets.xcassets */ = {isa = PBXFileReference; lastKnownFileType = folder.assetcatalog; path = Assets.xcassets; sourceTree = "<group>"; };
		E040CEDE227260A400CD30D7 /* Base */ = {isa = PBXFileReference; lastKnownFileType = file.storyboard; name = Base; path = Base.lproj/LaunchScreen.storyboard; sourceTree = "<group>"; };
		E040CEE0227260A400CD30D7 /* Info.plist */ = {isa = PBXFileReference; lastKnownFileType = text.plist.xml; path = Info.plist; sourceTree = "<group>"; };
		E040CEE5227260A400CD30D7 /* ChuckNorrisTests.xctest */ = {isa = PBXFileReference; explicitFileType = wrapper.cfbundle; includeInIndex = 0; path = ChuckNorrisTests.xctest; sourceTree = BUILT_PRODUCTS_DIR; };
		E040CEE9227260A500CD30D7 /* ChuckNorrisTests.swift */ = {isa = PBXFileReference; lastKnownFileType = sourcecode.swift; path = ChuckNorrisTests.swift; sourceTree = "<group>"; };
		E040CEEB227260A500CD30D7 /* Info.plist */ = {isa = PBXFileReference; lastKnownFileType = text.plist.xml; path = Info.plist; sourceTree = "<group>"; };
		E040CEF42272658000CD30D7 /* FactsViewController.swift */ = {isa = PBXFileReference; lastKnownFileType = sourcecode.swift; path = FactsViewController.swift; sourceTree = "<group>"; };
		E040CEF72272662400CD30D7 /* UIView+Extension.swift */ = {isa = PBXFileReference; lastKnownFileType = sourcecode.swift; path = "UIView+Extension.swift"; sourceTree = "<group>"; };
		E040CEF92272669100CD30D7 /* UICollectionView+Extension.swift */ = {isa = PBXFileReference; lastKnownFileType = sourcecode.swift; path = "UICollectionView+Extension.swift"; sourceTree = "<group>"; };
		E040CEFB227266D300CD30D7 /* UICollectionReusableView+Extension.swift */ = {isa = PBXFileReference; lastKnownFileType = sourcecode.swift; path = "UICollectionReusableView+Extension.swift"; sourceTree = "<group>"; };
		E040CEFF2272675200CD30D7 /* Coordinator.swift */ = {isa = PBXFileReference; lastKnownFileType = sourcecode.swift; path = Coordinator.swift; sourceTree = "<group>"; };
		E040CF012272679800CD30D7 /* ApplicationCoordinator.swift */ = {isa = PBXFileReference; lastKnownFileType = sourcecode.swift; path = ApplicationCoordinator.swift; sourceTree = "<group>"; };
		E040CF04227267C600CD30D7 /* FactsCoordinator.swift */ = {isa = PBXFileReference; lastKnownFileType = sourcecode.swift; path = FactsCoordinator.swift; sourceTree = "<group>"; };
		E040CF082272684200CD30D7 /* ChuckNorrisWebservice.swift */ = {isa = PBXFileReference; lastKnownFileType = sourcecode.swift; path = ChuckNorrisWebservice.swift; sourceTree = "<group>"; };
		E040CF0C22726C5300CD30D7 /* CodeView.swift */ = {isa = PBXFileReference; lastKnownFileType = sourcecode.swift; path = CodeView.swift; sourceTree = "<group>"; };
		E040CF0F22726ECC00CD30D7 /* Color.swift */ = {isa = PBXFileReference; lastKnownFileType = sourcecode.swift; path = Color.swift; sourceTree = "<group>"; };
		E040CF1122727A2000CD30D7 /* FactsViewControllerScreen.swift */ = {isa = PBXFileReference; lastKnownFileType = sourcecode.swift; path = FactsViewControllerScreen.swift; sourceTree = "<group>"; };
		E040CF1322727A6D00CD30D7 /* FactsViewControllerViewState.swift */ = {isa = PBXFileReference; lastKnownFileType = sourcecode.swift; path = FactsViewControllerViewState.swift; sourceTree = "<group>"; };
		E040CF1522727BA000CD30D7 /* ApiError.swift */ = {isa = PBXFileReference; lastKnownFileType = sourcecode.swift; path = ApiError.swift; sourceTree = "<group>"; };
		E040CF17227288DC00CD30D7 /* FactsCollectionViewCell.swift */ = {isa = PBXFileReference; lastKnownFileType = sourcecode.swift; path = FactsCollectionViewCell.swift; sourceTree = "<group>"; };
		E040CF192272894B00CD30D7 /* UILabel+Extension.swift */ = {isa = PBXFileReference; lastKnownFileType = sourcecode.swift; path = "UILabel+Extension.swift"; sourceTree = "<group>"; };
		E040CF1B22728BA400CD30D7 /* FactsDataSource.swift */ = {isa = PBXFileReference; lastKnownFileType = sourcecode.swift; path = FactsDataSource.swift; sourceTree = "<group>"; };
/* End PBXFileReference section */

/* Begin PBXFrameworksBuildPhase section */
		E040CECE227260A300CD30D7 /* Frameworks */ = {
			isa = PBXFrameworksBuildPhase;
			buildActionMask = 2147483647;
			files = (
			);
			runOnlyForDeploymentPostprocessing = 0;
		};
		E040CEE2227260A400CD30D7 /* Frameworks */ = {
			isa = PBXFrameworksBuildPhase;
			buildActionMask = 2147483647;
			files = (
			);
			runOnlyForDeploymentPostprocessing = 0;
		};
/* End PBXFrameworksBuildPhase section */

/* Begin PBXGroup section */
		E040CEC8227260A300CD30D7 = {
			isa = PBXGroup;
			children = (
				E040CED3227260A300CD30D7 /* ChuckNorris */,
				E040CEE8227260A400CD30D7 /* ChuckNorrisTests */,
				E040CED2227260A300CD30D7 /* Products */,
			);
			sourceTree = "<group>";
		};
		E040CED2227260A300CD30D7 /* Products */ = {
			isa = PBXGroup;
			children = (
				E040CED1227260A300CD30D7 /* ChuckNorris.app */,
				E040CEE5227260A400CD30D7 /* ChuckNorrisTests.xctest */,
			);
			name = Products;
			sourceTree = "<group>";
		};
		E040CED3227260A300CD30D7 /* ChuckNorris */ = {
			isa = PBXGroup;
			children = (
				E040CEFD2272671200CD30D7 /* Components */,
				E040CF062272682500CD30D7 /* Networking */,
				E040CF0E22726EBC00CD30D7 /* Constants */,
				E040CEF62272661900CD30D7 /* Extensions */,
				E040CEFE2272673500CD30D7 /* Coordinator */,
				E040CF0A22726C4100CD30D7 /* Utils */,
				E040CEE0227260A400CD30D7 /* Info.plist */,
				E040CED4227260A300CD30D7 /* AppDelegate.swift */,
				E040CEDB227260A400CD30D7 /* Assets.xcassets */,
				E040CEDD227260A400CD30D7 /* LaunchScreen.storyboard */,
			);
			path = ChuckNorris;
			sourceTree = "<group>";
		};
		E040CEE8227260A400CD30D7 /* ChuckNorrisTests */ = {
			isa = PBXGroup;
			children = (
				E040CEE9227260A500CD30D7 /* ChuckNorrisTests.swift */,
				E040CEEB227260A500CD30D7 /* Info.plist */,
			);
			path = ChuckNorrisTests;
			sourceTree = "<group>";
		};
		E040CEF62272661900CD30D7 /* Extensions */ = {
			isa = PBXGroup;
			children = (
				E040CEF72272662400CD30D7 /* UIView+Extension.swift */,
				E040CEF92272669100CD30D7 /* UICollectionView+Extension.swift */,
				E040CEFB227266D300CD30D7 /* UICollectionReusableView+Extension.swift */,
				E040CF192272894B00CD30D7 /* UILabel+Extension.swift */,
			);
			path = Extensions;
			sourceTree = "<group>";
		};
		E040CEFD2272671200CD30D7 /* Components */ = {
			isa = PBXGroup;
			children = (
				E040CF03227267BC00CD30D7 /* Facts */,
			);
			path = Components;
			sourceTree = "<group>";
		};
		E040CEFE2272673500CD30D7 /* Coordinator */ = {
			isa = PBXGroup;
			children = (
				E040CEFF2272675200CD30D7 /* Coordinator.swift */,
				E040CF012272679800CD30D7 /* ApplicationCoordinator.swift */,
			);
			path = Coordinator;
			sourceTree = "<group>";
		};
		E040CF03227267BC00CD30D7 /* Facts */ = {
			isa = PBXGroup;
			children = (
				E040CF04227267C600CD30D7 /* FactsCoordinator.swift */,
				E040CEF42272658000CD30D7 /* FactsViewController.swift */,
				E040CF1122727A2000CD30D7 /* FactsViewControllerScreen.swift */,
				E040CF1322727A6D00CD30D7 /* FactsViewControllerViewState.swift */,
				E040CF1B22728BA400CD30D7 /* FactsDataSource.swift */,
				E040CF17227288DC00CD30D7 /* FactsCollectionViewCell.swift */,
			);
			path = Facts;
			sourceTree = "<group>";
		};
		E040CF062272682500CD30D7 /* Networking */ = {
			isa = PBXGroup;
			children = (
				E040CF082272684200CD30D7 /* ChuckNorrisWebservice.swift */,
				E040CF1522727BA000CD30D7 /* ApiError.swift */,
			);
			path = Networking;
			sourceTree = "<group>";
		};
		E040CF0A22726C4100CD30D7 /* Utils */ = {
			isa = PBXGroup;
			children = (
				E040CF0B22726C4900CD30D7 /* View */,
			);
			path = Utils;
			sourceTree = "<group>";
		};
		E040CF0B22726C4900CD30D7 /* View */ = {
			isa = PBXGroup;
			children = (
				E040CF0C22726C5300CD30D7 /* CodeView.swift */,
			);
			path = View;
			sourceTree = "<group>";
		};
		E040CF0E22726EBC00CD30D7 /* Constants */ = {
			isa = PBXGroup;
			children = (
				E040CF0F22726ECC00CD30D7 /* Color.swift */,
			);
			path = Constants;
			sourceTree = "<group>";
		};
/* End PBXGroup section */

/* Begin PBXNativeTarget section */
		E040CED0227260A300CD30D7 /* ChuckNorris */ = {
			isa = PBXNativeTarget;
			buildConfigurationList = E040CEEE227260A500CD30D7 /* Build configuration list for PBXNativeTarget "ChuckNorris" */;
			buildPhases = (
				E040CECD227260A300CD30D7 /* Sources */,
				E040CECE227260A300CD30D7 /* Frameworks */,
				E040CECF227260A300CD30D7 /* Resources */,
			);
			buildRules = (
			);
			dependencies = (
			);
			name = ChuckNorris;
			productName = ChuckNorris;
			productReference = E040CED1227260A300CD30D7 /* ChuckNorris.app */;
			productType = "com.apple.product-type.application";
		};
		E040CEE4227260A400CD30D7 /* ChuckNorrisTests */ = {
			isa = PBXNativeTarget;
			buildConfigurationList = E040CEF1227260A500CD30D7 /* Build configuration list for PBXNativeTarget "ChuckNorrisTests" */;
			buildPhases = (
				E040CEE1227260A400CD30D7 /* Sources */,
				E040CEE2227260A400CD30D7 /* Frameworks */,
				E040CEE3227260A400CD30D7 /* Resources */,
			);
			buildRules = (
			);
			dependencies = (
				E040CEE7227260A400CD30D7 /* PBXTargetDependency */,
			);
			name = ChuckNorrisTests;
			productName = ChuckNorrisTests;
			productReference = E040CEE5227260A400CD30D7 /* ChuckNorrisTests.xctest */;
			productType = "com.apple.product-type.bundle.unit-test";
		};
/* End PBXNativeTarget section */

/* Begin PBXProject section */
		E040CEC9227260A300CD30D7 /* Project object */ = {
			isa = PBXProject;
			attributes = {
				LastSwiftUpdateCheck = 1010;
				LastUpgradeCheck = 1010;
				ORGANIZATIONNAME = jonathanbijos;
				TargetAttributes = {
					E040CED0227260A300CD30D7 = {
						CreatedOnToolsVersion = 10.1;
					};
					E040CEE4227260A400CD30D7 = {
						CreatedOnToolsVersion = 10.1;
						TestTargetID = E040CED0227260A300CD30D7;
					};
				};
			};
			buildConfigurationList = E040CECC227260A300CD30D7 /* Build configuration list for PBXProject "ChuckNorris" */;
			compatibilityVersion = "Xcode 9.3";
			developmentRegion = en;
			hasScannedForEncodings = 0;
			knownRegions = (
				en,
				Base,
			);
			mainGroup = E040CEC8227260A300CD30D7;
			productRefGroup = E040CED2227260A300CD30D7 /* Products */;
			projectDirPath = "";
			projectRoot = "";
			targets = (
				E040CED0227260A300CD30D7 /* ChuckNorris */,
				E040CEE4227260A400CD30D7 /* ChuckNorrisTests */,
			);
		};
/* End PBXProject section */

/* Begin PBXResourcesBuildPhase section */
		E040CECF227260A300CD30D7 /* Resources */ = {
			isa = PBXResourcesBuildPhase;
			buildActionMask = 2147483647;
			files = (
				E040CEDF227260A400CD30D7 /* LaunchScreen.storyboard in Resources */,
				E040CEDC227260A400CD30D7 /* Assets.xcassets in Resources */,
			);
			runOnlyForDeploymentPostprocessing = 0;
		};
		E040CEE3227260A400CD30D7 /* Resources */ = {
			isa = PBXResourcesBuildPhase;
			buildActionMask = 2147483647;
			files = (
			);
			runOnlyForDeploymentPostprocessing = 0;
		};
/* End PBXResourcesBuildPhase section */

/* Begin PBXSourcesBuildPhase section */
		E040CECD227260A300CD30D7 /* Sources */ = {
			isa = PBXSourcesBuildPhase;
			buildActionMask = 2147483647;
			files = (
				E040CEFA2272669100CD30D7 /* UICollectionView+Extension.swift in Sources */,
				E040CF092272684200CD30D7 /* ChuckNorrisWebservice.swift in Sources */,
				E040CF1C22728BA400CD30D7 /* FactsDataSource.swift in Sources */,
				E040CF1022726ECC00CD30D7 /* Color.swift in Sources */,
				E040CEF82272662400CD30D7 /* UIView+Extension.swift in Sources */,
				E040CF0D22726C5300CD30D7 /* CodeView.swift in Sources */,
				E040CF002272675200CD30D7 /* Coordinator.swift in Sources */,
				E040CEFC227266D300CD30D7 /* UICollectionReusableView+Extension.swift in Sources */,
				E040CF1622727BA000CD30D7 /* ApiError.swift in Sources */,
				E040CF1A2272894B00CD30D7 /* UILabel+Extension.swift in Sources */,
				E040CED5227260A300CD30D7 /* AppDelegate.swift in Sources */,
				E040CF18227288DC00CD30D7 /* FactsCollectionViewCell.swift in Sources */,
				E040CEF52272658000CD30D7 /* FactsViewController.swift in Sources */,
				E040CF1422727A6D00CD30D7 /* FactsViewControllerViewState.swift in Sources */,
				E040CF05227267C600CD30D7 /* FactsCoordinator.swift in Sources */,
				E040CF1222727A2000CD30D7 /* FactsViewControllerScreen.swift in Sources */,
				E040CF022272679800CD30D7 /* ApplicationCoordinator.swift in Sources */,
			);
			runOnlyForDeploymentPostprocessing = 0;
		};
		E040CEE1227260A400CD30D7 /* Sources */ = {
			isa = PBXSourcesBuildPhase;
			buildActionMask = 2147483647;
			files = (
				E040CEEA227260A500CD30D7 /* ChuckNorrisTests.swift in Sources */,
			);
			runOnlyForDeploymentPostprocessing = 0;
		};
/* End PBXSourcesBuildPhase section */

/* Begin PBXTargetDependency section */
		E040CEE7227260A400CD30D7 /* PBXTargetDependency */ = {
			isa = PBXTargetDependency;
			target = E040CED0227260A300CD30D7 /* ChuckNorris */;
			targetProxy = E040CEE6227260A400CD30D7 /* PBXContainerItemProxy */;
		};
/* End PBXTargetDependency section */

/* Begin PBXVariantGroup section */
		E040CEDD227260A400CD30D7 /* LaunchScreen.storyboard */ = {
			isa = PBXVariantGroup;
			children = (
				E040CEDE227260A400CD30D7 /* Base */,
			);
			name = LaunchScreen.storyboard;
			sourceTree = "<group>";
		};
/* End PBXVariantGroup section */

/* Begin XCBuildConfiguration section */
		E040CEEC227260A500CD30D7 /* Debug */ = {
			isa = XCBuildConfiguration;
			buildSettings = {
				ALWAYS_SEARCH_USER_PATHS = NO;
				CLANG_ANALYZER_NONNULL = YES;
				CLANG_ANALYZER_NUMBER_OBJECT_CONVERSION = YES_AGGRESSIVE;
				CLANG_CXX_LANGUAGE_STANDARD = "gnu++14";
				CLANG_CXX_LIBRARY = "libc++";
				CLANG_ENABLE_MODULES = YES;
				CLANG_ENABLE_OBJC_ARC = YES;
				CLANG_ENABLE_OBJC_WEAK = YES;
				CLANG_WARN_BLOCK_CAPTURE_AUTORELEASING = YES;
				CLANG_WARN_BOOL_CONVERSION = YES;
				CLANG_WARN_COMMA = YES;
				CLANG_WARN_CONSTANT_CONVERSION = YES;
				CLANG_WARN_DEPRECATED_OBJC_IMPLEMENTATIONS = YES;
				CLANG_WARN_DIRECT_OBJC_ISA_USAGE = YES_ERROR;
				CLANG_WARN_DOCUMENTATION_COMMENTS = YES;
				CLANG_WARN_EMPTY_BODY = YES;
				CLANG_WARN_ENUM_CONVERSION = YES;
				CLANG_WARN_INFINITE_RECURSION = YES;
				CLANG_WARN_INT_CONVERSION = YES;
				CLANG_WARN_NON_LITERAL_NULL_CONVERSION = YES;
				CLANG_WARN_OBJC_IMPLICIT_RETAIN_SELF = YES;
				CLANG_WARN_OBJC_LITERAL_CONVERSION = YES;
				CLANG_WARN_OBJC_ROOT_CLASS = YES_ERROR;
				CLANG_WARN_RANGE_LOOP_ANALYSIS = YES;
				CLANG_WARN_STRICT_PROTOTYPES = YES;
				CLANG_WARN_SUSPICIOUS_MOVE = YES;
				CLANG_WARN_UNGUARDED_AVAILABILITY = YES_AGGRESSIVE;
				CLANG_WARN_UNREACHABLE_CODE = YES;
				CLANG_WARN__DUPLICATE_METHOD_MATCH = YES;
				CODE_SIGN_IDENTITY = "iPhone Developer";
				COPY_PHASE_STRIP = NO;
				DEBUG_INFORMATION_FORMAT = dwarf;
				ENABLE_STRICT_OBJC_MSGSEND = YES;
				ENABLE_TESTABILITY = YES;
				GCC_C_LANGUAGE_STANDARD = gnu11;
				GCC_DYNAMIC_NO_PIC = NO;
				GCC_NO_COMMON_BLOCKS = YES;
				GCC_OPTIMIZATION_LEVEL = 0;
				GCC_PREPROCESSOR_DEFINITIONS = (
					"DEBUG=1",
					"$(inherited)",
				);
				GCC_WARN_64_TO_32_BIT_CONVERSION = YES;
				GCC_WARN_ABOUT_RETURN_TYPE = YES_ERROR;
				GCC_WARN_UNDECLARED_SELECTOR = YES;
				GCC_WARN_UNINITIALIZED_AUTOS = YES_AGGRESSIVE;
				GCC_WARN_UNUSED_FUNCTION = YES;
				GCC_WARN_UNUSED_VARIABLE = YES;
				IPHONEOS_DEPLOYMENT_TARGET = 12.1;
				MTL_ENABLE_DEBUG_INFO = INCLUDE_SOURCE;
				MTL_FAST_MATH = YES;
				ONLY_ACTIVE_ARCH = YES;
				SDKROOT = iphoneos;
				SWIFT_ACTIVE_COMPILATION_CONDITIONS = DEBUG;
				SWIFT_OPTIMIZATION_LEVEL = "-Onone";
			};
			name = Debug;
		};
		E040CEED227260A500CD30D7 /* Release */ = {
			isa = XCBuildConfiguration;
			buildSettings = {
				ALWAYS_SEARCH_USER_PATHS = NO;
				CLANG_ANALYZER_NONNULL = YES;
				CLANG_ANALYZER_NUMBER_OBJECT_CONVERSION = YES_AGGRESSIVE;
				CLANG_CXX_LANGUAGE_STANDARD = "gnu++14";
				CLANG_CXX_LIBRARY = "libc++";
				CLANG_ENABLE_MODULES = YES;
				CLANG_ENABLE_OBJC_ARC = YES;
				CLANG_ENABLE_OBJC_WEAK = YES;
				CLANG_WARN_BLOCK_CAPTURE_AUTORELEASING = YES;
				CLANG_WARN_BOOL_CONVERSION = YES;
				CLANG_WARN_COMMA = YES;
				CLANG_WARN_CONSTANT_CONVERSION = YES;
				CLANG_WARN_DEPRECATED_OBJC_IMPLEMENTATIONS = YES;
				CLANG_WARN_DIRECT_OBJC_ISA_USAGE = YES_ERROR;
				CLANG_WARN_DOCUMENTATION_COMMENTS = YES;
				CLANG_WARN_EMPTY_BODY = YES;
				CLANG_WARN_ENUM_CONVERSION = YES;
				CLANG_WARN_INFINITE_RECURSION = YES;
				CLANG_WARN_INT_CONVERSION = YES;
				CLANG_WARN_NON_LITERAL_NULL_CONVERSION = YES;
				CLANG_WARN_OBJC_IMPLICIT_RETAIN_SELF = YES;
				CLANG_WARN_OBJC_LITERAL_CONVERSION = YES;
				CLANG_WARN_OBJC_ROOT_CLASS = YES_ERROR;
				CLANG_WARN_RANGE_LOOP_ANALYSIS = YES;
				CLANG_WARN_STRICT_PROTOTYPES = YES;
				CLANG_WARN_SUSPICIOUS_MOVE = YES;
				CLANG_WARN_UNGUARDED_AVAILABILITY = YES_AGGRESSIVE;
				CLANG_WARN_UNREACHABLE_CODE = YES;
				CLANG_WARN__DUPLICATE_METHOD_MATCH = YES;
				CODE_SIGN_IDENTITY = "iPhone Developer";
				COPY_PHASE_STRIP = NO;
				DEBUG_INFORMATION_FORMAT = "dwarf-with-dsym";
				ENABLE_NS_ASSERTIONS = NO;
				ENABLE_STRICT_OBJC_MSGSEND = YES;
				GCC_C_LANGUAGE_STANDARD = gnu11;
				GCC_NO_COMMON_BLOCKS = YES;
				GCC_WARN_64_TO_32_BIT_CONVERSION = YES;
				GCC_WARN_ABOUT_RETURN_TYPE = YES_ERROR;
				GCC_WARN_UNDECLARED_SELECTOR = YES;
				GCC_WARN_UNINITIALIZED_AUTOS = YES_AGGRESSIVE;
				GCC_WARN_UNUSED_FUNCTION = YES;
				GCC_WARN_UNUSED_VARIABLE = YES;
				IPHONEOS_DEPLOYMENT_TARGET = 12.1;
				MTL_ENABLE_DEBUG_INFO = NO;
				MTL_FAST_MATH = YES;
				SDKROOT = iphoneos;
				SWIFT_COMPILATION_MODE = wholemodule;
				SWIFT_OPTIMIZATION_LEVEL = "-O";
				VALIDATE_PRODUCT = YES;
			};
			name = Release;
		};
		E040CEEF227260A500CD30D7 /* Debug */ = {
			isa = XCBuildConfiguration;
			buildSettings = {
				ASSETCATALOG_COMPILER_APPICON_NAME = AppIcon;
				CODE_SIGN_IDENTITY = "iPhone Developer";
				CODE_SIGN_STYLE = Automatic;
				DEVELOPMENT_TEAM = ZPEUGUU6JH;
				INFOPLIST_FILE = ChuckNorris/Info.plist;
				LD_RUNPATH_SEARCH_PATHS = (
					"$(inherited)",
					"@executable_path/Frameworks",
				);
				PRODUCT_BUNDLE_IDENTIFIER = com.jonathanbijos.ChuckNorris;
				PRODUCT_NAME = "$(TARGET_NAME)";
				PROVISIONING_PROFILE_SPECIFIER = "";
				SWIFT_VERSION = 4.2;
				TARGETED_DEVICE_FAMILY = "1,2";
			};
			name = Debug;
		};
		E040CEF0227260A500CD30D7 /* Release */ = {
			isa = XCBuildConfiguration;
			buildSettings = {
				ASSETCATALOG_COMPILER_APPICON_NAME = AppIcon;
				CODE_SIGN_IDENTITY = "iPhone Developer";
				CODE_SIGN_STYLE = Automatic;
				DEVELOPMENT_TEAM = ZPEUGUU6JH;
				INFOPLIST_FILE = ChuckNorris/Info.plist;
				LD_RUNPATH_SEARCH_PATHS = (
					"$(inherited)",
					"@executable_path/Frameworks",
				);
				PRODUCT_BUNDLE_IDENTIFIER = com.jonathanbijos.ChuckNorris;
				PRODUCT_NAME = "$(TARGET_NAME)";
				PROVISIONING_PROFILE_SPECIFIER = "";
				SWIFT_VERSION = 4.2;
				TARGETED_DEVICE_FAMILY = "1,2";
			};
			name = Release;
		};
		E040CEF2227260A500CD30D7 /* Debug */ = {
			isa = XCBuildConfiguration;
			buildSettings = {
				ALWAYS_EMBED_SWIFT_STANDARD_LIBRARIES = YES;
				BUNDLE_LOADER = "$(TEST_HOST)";
				CODE_SIGN_STYLE = Automatic;
				DEVELOPMENT_TEAM = 7397PXU582;
				INFOPLIST_FILE = ChuckNorrisTests/Info.plist;
				LD_RUNPATH_SEARCH_PATHS = (
					"$(inherited)",
					"@executable_path/Frameworks",
					"@loader_path/Frameworks",
				);
				PRODUCT_BUNDLE_IDENTIFIER = com.jonathanbijos.ChuckNorrisTests;
				PRODUCT_NAME = "$(TARGET_NAME)";
				SWIFT_VERSION = 4.2;
				TARGETED_DEVICE_FAMILY = "1,2";
				TEST_HOST = "$(BUILT_PRODUCTS_DIR)/ChuckNorris.app/ChuckNorris";
			};
			name = Debug;
		};
		E040CEF3227260A500CD30D7 /* Release */ = {
			isa = XCBuildConfiguration;
			buildSettings = {
				ALWAYS_EMBED_SWIFT_STANDARD_LIBRARIES = YES;
				BUNDLE_LOADER = "$(TEST_HOST)";
				CODE_SIGN_STYLE = Automatic;
				DEVELOPMENT_TEAM = 7397PXU582;
				INFOPLIST_FILE = ChuckNorrisTests/Info.plist;
				LD_RUNPATH_SEARCH_PATHS = (
					"$(inherited)",
					"@executable_path/Frameworks",
					"@loader_path/Frameworks",
				);
				PRODUCT_BUNDLE_IDENTIFIER = com.jonathanbijos.ChuckNorrisTests;
				PRODUCT_NAME = "$(TARGET_NAME)";
				SWIFT_VERSION = 4.2;
				TARGETED_DEVICE_FAMILY = "1,2";
				TEST_HOST = "$(BUILT_PRODUCTS_DIR)/ChuckNorris.app/ChuckNorris";
			};
			name = Release;
		};
/* End XCBuildConfiguration section */

/* Begin XCConfigurationList section */
		E040CECC227260A300CD30D7 /* Build configuration list for PBXProject "ChuckNorris" */ = {
			isa = XCConfigurationList;
			buildConfigurations = (
				E040CEEC227260A500CD30D7 /* Debug */,
				E040CEED227260A500CD30D7 /* Release */,
			);
			defaultConfigurationIsVisible = 0;
			defaultConfigurationName = Release;
		};
		E040CEEE227260A500CD30D7 /* Build configuration list for PBXNativeTarget "ChuckNorris" */ = {
			isa = XCConfigurationList;
			buildConfigurations = (
				E040CEEF227260A500CD30D7 /* Debug */,
				E040CEF0227260A500CD30D7 /* Release */,
			);
			defaultConfigurationIsVisible = 0;
			defaultConfigurationName = Release;
		};
		E040CEF1227260A500CD30D7 /* Build configuration list for PBXNativeTarget "ChuckNorrisTests" */ = {
			isa = XCConfigurationList;
			buildConfigurations = (
				E040CEF2227260A500CD30D7 /* Debug */,
				E040CEF3227260A500CD30D7 /* Release */,
			);
			defaultConfigurationIsVisible = 0;
			defaultConfigurationName = Release;
		};
/* End XCConfigurationList section */
	};
	rootObject = E040CEC9227260A300CD30D7 /* Project object */;
}
