// !$*UTF8*$!
{
	archiveVersion = 1;
	classes = {
	};
	objectVersion = 50;
	objects = {

/* Begin PBXBuildFile section */
		285D8BAB2273360300756043 /* ChuckNorrisUITests.swift in Sources */ = {isa = PBXBuildFile; fileRef = 285D8BAA2273360300756043 /* ChuckNorrisUITests.swift */; };
		285D8BB5227338ED00756043 /* FactsDataSourceSpec.swift in Sources */ = {isa = PBXBuildFile; fileRef = 285D8BB4227338ED00756043 /* FactsDataSourceSpec.swift */; };
		285D8BB722733C5100756043 /* FactsCollectionViewCellSpec.swift in Sources */ = {isa = PBXBuildFile; fileRef = 285D8BB622733C5100756043 /* FactsCollectionViewCellSpec.swift */; };
		285D8BBA22733C8900756043 /* Joke+Extension.swift in Sources */ = {isa = PBXBuildFile; fileRef = 285D8BB922733C8900756043 /* Joke+Extension.swift */; };
		285D8BBE22733E4E00756043 /* FactsViewControllerTests.swift in Sources */ = {isa = PBXBuildFile; fileRef = 285D8BBD22733E4E00756043 /* FactsViewControllerTests.swift */; };
		285D8BC4227341CD00756043 /* KIF+Extension.swift in Sources */ = {isa = PBXBuildFile; fileRef = 285D8BC3227341CD00756043 /* KIF+Extension.swift */; };
		2899BF642277845800878959 /* SearchSuggestionCollectionViewCell.swift in Sources */ = {isa = PBXBuildFile; fileRef = 2899BF632277845800878959 /* SearchSuggestionCollectionViewCell.swift */; };
		2899BF6722778AFE00878959 /* SearchDataSource.swift in Sources */ = {isa = PBXBuildFile; fileRef = 2899BF6622778AFE00878959 /* SearchDataSource.swift */; };
		6284B623D9D9F2A9CA7B5BAE /* Pods_ChuckNorris.framework in Frameworks */ = {isa = PBXBuildFile; fileRef = D3EAD1F148666D24F5307B3F /* Pods_ChuckNorris.framework */; };
		93D57EC7677FC7FFBBB54598 /* Pods_ChuckNorris_ChuckNorrisTests.framework in Frameworks */ = {isa = PBXBuildFile; fileRef = 4C6057A582B106502BBC6191 /* Pods_ChuckNorris_ChuckNorrisTests.framework */; };
		E00E4A012273C89500772588 /* Database.swift in Sources */ = {isa = PBXBuildFile; fileRef = E00E4A002273C89500772588 /* Database.swift */; };
		E00E4A072273D9CB00772588 /* FactsEmptyView.swift in Sources */ = {isa = PBXBuildFile; fileRef = E00E4A062273D9CB00772588 /* FactsEmptyView.swift */; };
		E00E4A0D2273E24300772588 /* FakeDatabase.swift in Sources */ = {isa = PBXBuildFile; fileRef = E00E4A0C2273E24300772588 /* FakeDatabase.swift */; };
		E00E4A0F2273E2F800772588 /* Joke+Extension.swift in Sources */ = {isa = PBXBuildFile; fileRef = E00E4A0E2273E2F800772588 /* Joke+Extension.swift */; };
		E00E4A112273E46A00772588 /* Category.swift in Sources */ = {isa = PBXBuildFile; fileRef = E00E4A102273E46A00772588 /* Category.swift */; };
		E00E4A142273E9E600772588 /* FakeChuckNorrisWebservice.swift in Sources */ = {isa = PBXBuildFile; fileRef = E00E4A132273E9E600772588 /* FakeChuckNorrisWebservice.swift */; };
		E00E4A162273EA8B00772588 /* JokesSearchResponse+Extension.swift in Sources */ = {isa = PBXBuildFile; fileRef = E00E4A152273EA8B00772588 /* JokesSearchResponse+Extension.swift */; };
		E00E4A192273EC2A00772588 /* SearchViewController.swift in Sources */ = {isa = PBXBuildFile; fileRef = E00E4A182273EC2A00772588 /* SearchViewController.swift */; };
		E00E4A1E2273ED1600772588 /* SerachViewControllerViewState.swift in Sources */ = {isa = PBXBuildFile; fileRef = E00E4A1D2273ED1600772588 /* SerachViewControllerViewState.swift */; };
		E00E4A212273EDD200772588 /* SearchViewControllerScreen.swift in Sources */ = {isa = PBXBuildFile; fileRef = E00E4A202273EDD200772588 /* SearchViewControllerScreen.swift */; };
		E00E4A232273EE4C00772588 /* SearchEmptyView.swift in Sources */ = {isa = PBXBuildFile; fileRef = E00E4A222273EE4C00772588 /* SearchEmptyView.swift */; };
		E00E4A262273EF6900772588 /* SearchViewControllerTests.swift in Sources */ = {isa = PBXBuildFile; fileRef = E00E4A252273EF6900772588 /* SearchViewControllerTests.swift */; };
		E040CED5227260A300CD30D7 /* AppDelegate.swift in Sources */ = {isa = PBXBuildFile; fileRef = E040CED4227260A300CD30D7 /* AppDelegate.swift */; };
		E040CEDC227260A400CD30D7 /* Assets.xcassets in Resources */ = {isa = PBXBuildFile; fileRef = E040CEDB227260A400CD30D7 /* Assets.xcassets */; };
		E040CEDF227260A400CD30D7 /* LaunchScreen.storyboard in Resources */ = {isa = PBXBuildFile; fileRef = E040CEDD227260A400CD30D7 /* LaunchScreen.storyboard */; };
		E040CEF52272658000CD30D7 /* FactsViewController.swift in Sources */ = {isa = PBXBuildFile; fileRef = E040CEF42272658000CD30D7 /* FactsViewController.swift */; };
		E040CEF82272662400CD30D7 /* UIView+Extension.swift in Sources */ = {isa = PBXBuildFile; fileRef = E040CEF72272662400CD30D7 /* UIView+Extension.swift */; };
		E040CEFA2272669100CD30D7 /* UICollectionView+Extension.swift in Sources */ = {isa = PBXBuildFile; fileRef = E040CEF92272669100CD30D7 /* UICollectionView+Extension.swift */; };
		E040CEFC227266D300CD30D7 /* UICollectionReusableView+Extension.swift in Sources */ = {isa = PBXBuildFile; fileRef = E040CEFB227266D300CD30D7 /* UICollectionReusableView+Extension.swift */; };
		E040CF002272675200CD30D7 /* Coordinator.swift in Sources */ = {isa = PBXBuildFile; fileRef = E040CEFF2272675200CD30D7 /* Coordinator.swift */; };
		E040CF022272679800CD30D7 /* ApplicationCoordinator.swift in Sources */ = {isa = PBXBuildFile; fileRef = E040CF012272679800CD30D7 /* ApplicationCoordinator.swift */; };
		E040CF05227267C600CD30D7 /* FactsCoordinator.swift in Sources */ = {isa = PBXBuildFile; fileRef = E040CF04227267C600CD30D7 /* FactsCoordinator.swift */; };
		E040CF092272684200CD30D7 /* ChuckNorrisWebservice.swift in Sources */ = {isa = PBXBuildFile; fileRef = E040CF082272684200CD30D7 /* ChuckNorrisWebservice.swift */; };
		E040CF0D22726C5300CD30D7 /* CodeView.swift in Sources */ = {isa = PBXBuildFile; fileRef = E040CF0C22726C5300CD30D7 /* CodeView.swift */; };
		E040CF1022726ECC00CD30D7 /* Color.swift in Sources */ = {isa = PBXBuildFile; fileRef = E040CF0F22726ECC00CD30D7 /* Color.swift */; };
		E040CF1222727A2000CD30D7 /* FactsViewControllerScreen.swift in Sources */ = {isa = PBXBuildFile; fileRef = E040CF1122727A2000CD30D7 /* FactsViewControllerScreen.swift */; };
		E040CF1422727A6D00CD30D7 /* FactsViewControllerViewState.swift in Sources */ = {isa = PBXBuildFile; fileRef = E040CF1322727A6D00CD30D7 /* FactsViewControllerViewState.swift */; };
		E040CF1622727BA000CD30D7 /* ApiError.swift in Sources */ = {isa = PBXBuildFile; fileRef = E040CF1522727BA000CD30D7 /* ApiError.swift */; };
		E040CF18227288DC00CD30D7 /* FactsCollectionViewCell.swift in Sources */ = {isa = PBXBuildFile; fileRef = E040CF17227288DC00CD30D7 /* FactsCollectionViewCell.swift */; };
		E040CF1A2272894B00CD30D7 /* UILabel+Extension.swift in Sources */ = {isa = PBXBuildFile; fileRef = E040CF192272894B00CD30D7 /* UILabel+Extension.swift */; };
		E040CF1C22728BA400CD30D7 /* FactsDataSource.swift in Sources */ = {isa = PBXBuildFile; fileRef = E040CF1B22728BA400CD30D7 /* FactsDataSource.swift */; };
		E040CF1F22729A5400CD30D7 /* Joke.swift in Sources */ = {isa = PBXBuildFile; fileRef = E040CF1E22729A5400CD30D7 /* Joke.swift */; };
		E040CF2222729CEA00CD30D7 /* JokesSearchResponse.swift in Sources */ = {isa = PBXBuildFile; fileRef = E040CF2122729CEA00CD30D7 /* JokesSearchResponse.swift */; };
		E040CF2422729ED000CD30D7 /* Request.swift in Sources */ = {isa = PBXBuildFile; fileRef = E040CF2322729ED000CD30D7 /* Request.swift */; };
		E040CF2622729FA900CD30D7 /* Params.swift in Sources */ = {isa = PBXBuildFile; fileRef = E040CF2522729FA900CD30D7 /* Params.swift */; };
		E040CF2822729FBC00CD30D7 /* Response.swift in Sources */ = {isa = PBXBuildFile; fileRef = E040CF2722729FBC00CD30D7 /* Response.swift */; };
		E040CF2A22729FF000CD30D7 /* Result.swift in Sources */ = {isa = PBXBuildFile; fileRef = E040CF2922729FF000CD30D7 /* Result.swift */; };
		E040CF2D2272A44100CD30D7 /* Endpoints.swift in Sources */ = {isa = PBXBuildFile; fileRef = E040CF2C2272A44100CD30D7 /* Endpoints.swift */; };
		E046C4472277C0C900F2C241 /* LeftAlignedFlowLayout.swift in Sources */ = {isa = PBXBuildFile; fileRef = E046C4462277C0C900F2C241 /* LeftAlignedFlowLayout.swift */; };
		E046C4492277C2B500F2C241 /* SearchTitleCollectionViewCell.swift in Sources */ = {isa = PBXBuildFile; fileRef = E046C4482277C2B500F2C241 /* SearchTitleCollectionViewCell.swift */; };
		E046C44B2277C49900F2C241 /* SearchPastSearchCollectionViewCell.swift in Sources */ = {isa = PBXBuildFile; fileRef = E046C44A2277C49900F2C241 /* SearchPastSearchCollectionViewCell.swift */; };
		E046C44D2277E09F00F2C241 /* DatabaseLoadable.swift in Sources */ = {isa = PBXBuildFile; fileRef = E046C44C2277E09F00F2C241 /* DatabaseLoadable.swift */; };
		E046C44F2277E37400F2C241 /* PastSearch.swift in Sources */ = {isa = PBXBuildFile; fileRef = E046C44E2277E37400F2C241 /* PastSearch.swift */; };
		E046C4512277E6DB00F2C241 /* Array+Extension.swift in Sources */ = {isa = PBXBuildFile; fileRef = E046C4502277E6DB00F2C241 /* Array+Extension.swift */; };
		E046C453227872D200F2C241 /* SearchErrorView.swift in Sources */ = {isa = PBXBuildFile; fileRef = E046C452227872D200F2C241 /* SearchErrorView.swift */; };
		E046C45522793EF200F2C241 /* BaseWebservice.swift in Sources */ = {isa = PBXBuildFile; fileRef = E046C45422793EF200F2C241 /* BaseWebservice.swift */; };
		E046C45722793F5D00F2C241 /* Webservice.swift in Sources */ = {isa = PBXBuildFile; fileRef = E046C45622793F5D00F2C241 /* Webservice.swift */; };
		E046C4592279415500F2C241 /* HTTPMethod.swift in Sources */ = {isa = PBXBuildFile; fileRef = E046C4582279415500F2C241 /* HTTPMethod.swift */; };
		FB9F66554ED62A79570FF118 /* Pods_ChuckNorris_ChuckNorrisUITests.framework in Frameworks */ = {isa = PBXBuildFile; fileRef = 4FDFA52AF2EDB2A0173E846F /* Pods_ChuckNorris_ChuckNorrisUITests.framework */; };
/* End PBXBuildFile section */

/* Begin PBXContainerItemProxy section */
		285D8BAD2273360300756043 /* PBXContainerItemProxy */ = {
			isa = PBXContainerItemProxy;
			containerPortal = E040CEC9227260A300CD30D7 /* Project object */;
			proxyType = 1;
			remoteGlobalIDString = E040CED0227260A300CD30D7;
			remoteInfo = ChuckNorris;
		};
		E040CEE6227260A400CD30D7 /* PBXContainerItemProxy */ = {
			isa = PBXContainerItemProxy;
			containerPortal = E040CEC9227260A300CD30D7 /* Project object */;
			proxyType = 1;
			remoteGlobalIDString = E040CED0227260A300CD30D7;
			remoteInfo = ChuckNorris;
		};
/* End PBXContainerItemProxy section */

/* Begin PBXFileReference section */
		15635DC83A65C4D316AA655F /* Pods-ChuckNorris.release.xcconfig */ = {isa = PBXFileReference; includeInIndex = 1; lastKnownFileType = text.xcconfig; name = "Pods-ChuckNorris.release.xcconfig"; path = "Target Support Files/Pods-ChuckNorris/Pods-ChuckNorris.release.xcconfig"; sourceTree = "<group>"; };
		1723844506B7F406EBA017F4 /* Pods-ChuckNorris.debug.xcconfig */ = {isa = PBXFileReference; includeInIndex = 1; lastKnownFileType = text.xcconfig; name = "Pods-ChuckNorris.debug.xcconfig"; path = "Target Support Files/Pods-ChuckNorris/Pods-ChuckNorris.debug.xcconfig"; sourceTree = "<group>"; };
		285D8BA82273360300756043 /* ChuckNorrisUITests.xctest */ = {isa = PBXFileReference; explicitFileType = wrapper.cfbundle; includeInIndex = 0; path = ChuckNorrisUITests.xctest; sourceTree = BUILT_PRODUCTS_DIR; };
		285D8BAA2273360300756043 /* ChuckNorrisUITests.swift */ = {isa = PBXFileReference; lastKnownFileType = sourcecode.swift; path = ChuckNorrisUITests.swift; sourceTree = "<group>"; };
		285D8BAC2273360300756043 /* Info.plist */ = {isa = PBXFileReference; lastKnownFileType = text.plist.xml; path = Info.plist; sourceTree = "<group>"; };
		285D8BB4227338ED00756043 /* FactsDataSourceSpec.swift */ = {isa = PBXFileReference; lastKnownFileType = sourcecode.swift; path = FactsDataSourceSpec.swift; sourceTree = "<group>"; };
		285D8BB622733C5100756043 /* FactsCollectionViewCellSpec.swift */ = {isa = PBXFileReference; lastKnownFileType = sourcecode.swift; path = FactsCollectionViewCellSpec.swift; sourceTree = "<group>"; };
		285D8BB922733C8900756043 /* Joke+Extension.swift */ = {isa = PBXFileReference; lastKnownFileType = sourcecode.swift; path = "Joke+Extension.swift"; sourceTree = "<group>"; };
		285D8BBD22733E4E00756043 /* FactsViewControllerTests.swift */ = {isa = PBXFileReference; lastKnownFileType = sourcecode.swift; path = FactsViewControllerTests.swift; sourceTree = "<group>"; };
		285D8BBF22733F9300756043 /* ChuckNorrisUITests-Bridging-Header.h */ = {isa = PBXFileReference; lastKnownFileType = sourcecode.c.h; path = "ChuckNorrisUITests-Bridging-Header.h"; sourceTree = "<group>"; };
		285D8BC3227341CD00756043 /* KIF+Extension.swift */ = {isa = PBXFileReference; lastKnownFileType = sourcecode.swift; path = "KIF+Extension.swift"; sourceTree = "<group>"; };
		2899BF632277845800878959 /* SearchSuggestionCollectionViewCell.swift */ = {isa = PBXFileReference; lastKnownFileType = sourcecode.swift; path = SearchSuggestionCollectionViewCell.swift; sourceTree = "<group>"; };
		2899BF6622778AFE00878959 /* SearchDataSource.swift */ = {isa = PBXFileReference; lastKnownFileType = sourcecode.swift; path = SearchDataSource.swift; sourceTree = "<group>"; };
		31EF5E124B4F4D814A540631 /* Pods-ChuckNorris-ChuckNorrisUITests.release.xcconfig */ = {isa = PBXFileReference; includeInIndex = 1; lastKnownFileType = text.xcconfig; name = "Pods-ChuckNorris-ChuckNorrisUITests.release.xcconfig"; path = "Target Support Files/Pods-ChuckNorris-ChuckNorrisUITests/Pods-ChuckNorris-ChuckNorrisUITests.release.xcconfig"; sourceTree = "<group>"; };
		446AC4BA44CEB26BB17B0336 /* Pods-ChuckNorris-ChuckNorrisUITests.debug.xcconfig */ = {isa = PBXFileReference; includeInIndex = 1; lastKnownFileType = text.xcconfig; name = "Pods-ChuckNorris-ChuckNorrisUITests.debug.xcconfig"; path = "Target Support Files/Pods-ChuckNorris-ChuckNorrisUITests/Pods-ChuckNorris-ChuckNorrisUITests.debug.xcconfig"; sourceTree = "<group>"; };
		4C6057A582B106502BBC6191 /* Pods_ChuckNorris_ChuckNorrisTests.framework */ = {isa = PBXFileReference; explicitFileType = wrapper.framework; includeInIndex = 0; path = Pods_ChuckNorris_ChuckNorrisTests.framework; sourceTree = BUILT_PRODUCTS_DIR; };
		4FDFA52AF2EDB2A0173E846F /* Pods_ChuckNorris_ChuckNorrisUITests.framework */ = {isa = PBXFileReference; explicitFileType = wrapper.framework; includeInIndex = 0; path = Pods_ChuckNorris_ChuckNorrisUITests.framework; sourceTree = BUILT_PRODUCTS_DIR; };
		C59EA81B7320D7E0D8308571 /* Pods-ChuckNorris-ChuckNorrisTests.release.xcconfig */ = {isa = PBXFileReference; includeInIndex = 1; lastKnownFileType = text.xcconfig; name = "Pods-ChuckNorris-ChuckNorrisTests.release.xcconfig"; path = "Target Support Files/Pods-ChuckNorris-ChuckNorrisTests/Pods-ChuckNorris-ChuckNorrisTests.release.xcconfig"; sourceTree = "<group>"; };
		D3EAD1F148666D24F5307B3F /* Pods_ChuckNorris.framework */ = {isa = PBXFileReference; explicitFileType = wrapper.framework; includeInIndex = 0; path = Pods_ChuckNorris.framework; sourceTree = BUILT_PRODUCTS_DIR; };
		E00E4A002273C89500772588 /* Database.swift */ = {isa = PBXFileReference; lastKnownFileType = sourcecode.swift; path = Database.swift; sourceTree = "<group>"; };
		E00E4A062273D9CB00772588 /* FactsEmptyView.swift */ = {isa = PBXFileReference; lastKnownFileType = sourcecode.swift; path = FactsEmptyView.swift; sourceTree = "<group>"; };
		E00E4A0C2273E24300772588 /* FakeDatabase.swift */ = {isa = PBXFileReference; lastKnownFileType = sourcecode.swift; path = FakeDatabase.swift; sourceTree = "<group>"; };
		E00E4A0E2273E2F800772588 /* Joke+Extension.swift */ = {isa = PBXFileReference; lastKnownFileType = sourcecode.swift; path = "Joke+Extension.swift"; sourceTree = "<group>"; };
		E00E4A102273E46A00772588 /* Category.swift */ = {isa = PBXFileReference; lastKnownFileType = sourcecode.swift; path = Category.swift; sourceTree = "<group>"; };
		E00E4A132273E9E600772588 /* FakeChuckNorrisWebservice.swift */ = {isa = PBXFileReference; lastKnownFileType = sourcecode.swift; path = FakeChuckNorrisWebservice.swift; sourceTree = "<group>"; };
		E00E4A152273EA8B00772588 /* JokesSearchResponse+Extension.swift */ = {isa = PBXFileReference; lastKnownFileType = sourcecode.swift; path = "JokesSearchResponse+Extension.swift"; sourceTree = "<group>"; };
		E00E4A182273EC2A00772588 /* SearchViewController.swift */ = {isa = PBXFileReference; lastKnownFileType = sourcecode.swift; path = SearchViewController.swift; sourceTree = "<group>"; };
		E00E4A1D2273ED1600772588 /* SerachViewControllerViewState.swift */ = {isa = PBXFileReference; lastKnownFileType = sourcecode.swift; path = SerachViewControllerViewState.swift; sourceTree = "<group>"; };
		E00E4A202273EDD200772588 /* SearchViewControllerScreen.swift */ = {isa = PBXFileReference; lastKnownFileType = sourcecode.swift; path = SearchViewControllerScreen.swift; sourceTree = "<group>"; };
		E00E4A222273EE4C00772588 /* SearchEmptyView.swift */ = {isa = PBXFileReference; lastKnownFileType = sourcecode.swift; path = SearchEmptyView.swift; sourceTree = "<group>"; };
		E00E4A252273EF6900772588 /* SearchViewControllerTests.swift */ = {isa = PBXFileReference; lastKnownFileType = sourcecode.swift; path = SearchViewControllerTests.swift; sourceTree = "<group>"; };
		E040CED1227260A300CD30D7 /* ChuckNorris.app */ = {isa = PBXFileReference; explicitFileType = wrapper.application; includeInIndex = 0; path = ChuckNorris.app; sourceTree = BUILT_PRODUCTS_DIR; };
		E040CED4227260A300CD30D7 /* AppDelegate.swift */ = {isa = PBXFileReference; lastKnownFileType = sourcecode.swift; path = AppDelegate.swift; sourceTree = "<group>"; };
		E040CEDB227260A400CD30D7 /* Assets.xcassets */ = {isa = PBXFileReference; lastKnownFileType = folder.assetcatalog; path = Assets.xcassets; sourceTree = "<group>"; };
		E040CEDE227260A400CD30D7 /* Base */ = {isa = PBXFileReference; lastKnownFileType = file.storyboard; name = Base; path = Base.lproj/LaunchScreen.storyboard; sourceTree = "<group>"; };
		E040CEE0227260A400CD30D7 /* Info.plist */ = {isa = PBXFileReference; lastKnownFileType = text.plist.xml; path = Info.plist; sourceTree = "<group>"; };
		E040CEE5227260A400CD30D7 /* ChuckNorrisTests.xctest */ = {isa = PBXFileReference; explicitFileType = wrapper.cfbundle; includeInIndex = 0; path = ChuckNorrisTests.xctest; sourceTree = BUILT_PRODUCTS_DIR; };
		E040CEEB227260A500CD30D7 /* Info.plist */ = {isa = PBXFileReference; lastKnownFileType = text.plist.xml; path = Info.plist; sourceTree = "<group>"; };
		E040CEF42272658000CD30D7 /* FactsViewController.swift */ = {isa = PBXFileReference; lastKnownFileType = sourcecode.swift; path = FactsViewController.swift; sourceTree = "<group>"; };
		E040CEF72272662400CD30D7 /* UIView+Extension.swift */ = {isa = PBXFileReference; lastKnownFileType = sourcecode.swift; path = "UIView+Extension.swift"; sourceTree = "<group>"; };
		E040CEF92272669100CD30D7 /* UICollectionView+Extension.swift */ = {isa = PBXFileReference; lastKnownFileType = sourcecode.swift; path = "UICollectionView+Extension.swift"; sourceTree = "<group>"; };
		E040CEFB227266D300CD30D7 /* UICollectionReusableView+Extension.swift */ = {isa = PBXFileReference; lastKnownFileType = sourcecode.swift; path = "UICollectionReusableView+Extension.swift"; sourceTree = "<group>"; };
		E040CEFF2272675200CD30D7 /* Coordinator.swift */ = {isa = PBXFileReference; lastKnownFileType = sourcecode.swift; path = Coordinator.swift; sourceTree = "<group>"; };
		E040CF012272679800CD30D7 /* ApplicationCoordinator.swift */ = {isa = PBXFileReference; lastKnownFileType = sourcecode.swift; path = ApplicationCoordinator.swift; sourceTree = "<group>"; };
		E040CF04227267C600CD30D7 /* FactsCoordinator.swift */ = {isa = PBXFileReference; lastKnownFileType = sourcecode.swift; path = FactsCoordinator.swift; sourceTree = "<group>"; };
		E040CF082272684200CD30D7 /* ChuckNorrisWebservice.swift */ = {isa = PBXFileReference; lastKnownFileType = sourcecode.swift; path = ChuckNorrisWebservice.swift; sourceTree = "<group>"; };
		E040CF0C22726C5300CD30D7 /* CodeView.swift */ = {isa = PBXFileReference; lastKnownFileType = sourcecode.swift; path = CodeView.swift; sourceTree = "<group>"; };
		E040CF0F22726ECC00CD30D7 /* Color.swift */ = {isa = PBXFileReference; lastKnownFileType = sourcecode.swift; path = Color.swift; sourceTree = "<group>"; };
		E040CF1122727A2000CD30D7 /* FactsViewControllerScreen.swift */ = {isa = PBXFileReference; lastKnownFileType = sourcecode.swift; path = FactsViewControllerScreen.swift; sourceTree = "<group>"; };
		E040CF1322727A6D00CD30D7 /* FactsViewControllerViewState.swift */ = {isa = PBXFileReference; lastKnownFileType = sourcecode.swift; path = FactsViewControllerViewState.swift; sourceTree = "<group>"; };
		E040CF1522727BA000CD30D7 /* ApiError.swift */ = {isa = PBXFileReference; lastKnownFileType = sourcecode.swift; path = ApiError.swift; sourceTree = "<group>"; };
		E040CF17227288DC00CD30D7 /* FactsCollectionViewCell.swift */ = {isa = PBXFileReference; lastKnownFileType = sourcecode.swift; path = FactsCollectionViewCell.swift; sourceTree = "<group>"; };
		E040CF192272894B00CD30D7 /* UILabel+Extension.swift */ = {isa = PBXFileReference; lastKnownFileType = sourcecode.swift; path = "UILabel+Extension.swift"; sourceTree = "<group>"; };
		E040CF1B22728BA400CD30D7 /* FactsDataSource.swift */ = {isa = PBXFileReference; lastKnownFileType = sourcecode.swift; path = FactsDataSource.swift; sourceTree = "<group>"; };
		E040CF1E22729A5400CD30D7 /* Joke.swift */ = {isa = PBXFileReference; lastKnownFileType = sourcecode.swift; path = Joke.swift; sourceTree = "<group>"; };
		E040CF2122729CEA00CD30D7 /* JokesSearchResponse.swift */ = {isa = PBXFileReference; lastKnownFileType = sourcecode.swift; path = JokesSearchResponse.swift; sourceTree = "<group>"; };
		E040CF2322729ED000CD30D7 /* Request.swift */ = {isa = PBXFileReference; lastKnownFileType = sourcecode.swift; path = Request.swift; sourceTree = "<group>"; };
		E040CF2522729FA900CD30D7 /* Params.swift */ = {isa = PBXFileReference; lastKnownFileType = sourcecode.swift; path = Params.swift; sourceTree = "<group>"; };
		E040CF2722729FBC00CD30D7 /* Response.swift */ = {isa = PBXFileReference; lastKnownFileType = sourcecode.swift; path = Response.swift; sourceTree = "<group>"; };
		E040CF2922729FF000CD30D7 /* Result.swift */ = {isa = PBXFileReference; lastKnownFileType = sourcecode.swift; path = Result.swift; sourceTree = "<group>"; };
		E040CF2C2272A44100CD30D7 /* Endpoints.swift */ = {isa = PBXFileReference; lastKnownFileType = sourcecode.swift; path = Endpoints.swift; sourceTree = "<group>"; };
		E046C4462277C0C900F2C241 /* LeftAlignedFlowLayout.swift */ = {isa = PBXFileReference; lastKnownFileType = sourcecode.swift; path = LeftAlignedFlowLayout.swift; sourceTree = "<group>"; };
		E046C4482277C2B500F2C241 /* SearchTitleCollectionViewCell.swift */ = {isa = PBXFileReference; lastKnownFileType = sourcecode.swift; path = SearchTitleCollectionViewCell.swift; sourceTree = "<group>"; };
		E046C44A2277C49900F2C241 /* SearchPastSearchCollectionViewCell.swift */ = {isa = PBXFileReference; lastKnownFileType = sourcecode.swift; path = SearchPastSearchCollectionViewCell.swift; sourceTree = "<group>"; };
		E046C44C2277E09F00F2C241 /* DatabaseLoadable.swift */ = {isa = PBXFileReference; lastKnownFileType = sourcecode.swift; path = DatabaseLoadable.swift; sourceTree = "<group>"; };
		E046C44E2277E37400F2C241 /* PastSearch.swift */ = {isa = PBXFileReference; lastKnownFileType = sourcecode.swift; path = PastSearch.swift; sourceTree = "<group>"; };
		E046C4502277E6DB00F2C241 /* Array+Extension.swift */ = {isa = PBXFileReference; lastKnownFileType = sourcecode.swift; path = "Array+Extension.swift"; sourceTree = "<group>"; };
		E046C452227872D200F2C241 /* SearchErrorView.swift */ = {isa = PBXFileReference; lastKnownFileType = sourcecode.swift; path = SearchErrorView.swift; sourceTree = "<group>"; };
		E046C45422793EF200F2C241 /* BaseWebservice.swift */ = {isa = PBXFileReference; lastKnownFileType = sourcecode.swift; path = BaseWebservice.swift; sourceTree = "<group>"; };
		E046C45622793F5D00F2C241 /* Webservice.swift */ = {isa = PBXFileReference; lastKnownFileType = sourcecode.swift; path = Webservice.swift; sourceTree = "<group>"; };
		E046C4582279415500F2C241 /* HTTPMethod.swift */ = {isa = PBXFileReference; lastKnownFileType = sourcecode.swift; path = HTTPMethod.swift; sourceTree = "<group>"; };
		E4E01A1B3E81280D78658267 /* Pods-ChuckNorris-ChuckNorrisTests.debug.xcconfig */ = {isa = PBXFileReference; includeInIndex = 1; lastKnownFileType = text.xcconfig; name = "Pods-ChuckNorris-ChuckNorrisTests.debug.xcconfig"; path = "Target Support Files/Pods-ChuckNorris-ChuckNorrisTests/Pods-ChuckNorris-ChuckNorrisTests.debug.xcconfig"; sourceTree = "<group>"; };
/* End PBXFileReference section */

/* Begin PBXFrameworksBuildPhase section */
		285D8BA52273360300756043 /* Frameworks */ = {
			isa = PBXFrameworksBuildPhase;
			buildActionMask = 2147483647;
			files = (
				FB9F66554ED62A79570FF118 /* Pods_ChuckNorris_ChuckNorrisUITests.framework in Frameworks */,
			);
			runOnlyForDeploymentPostprocessing = 0;
		};
		E040CECE227260A300CD30D7 /* Frameworks */ = {
			isa = PBXFrameworksBuildPhase;
			buildActionMask = 2147483647;
			files = (
				6284B623D9D9F2A9CA7B5BAE /* Pods_ChuckNorris.framework in Frameworks */,
			);
			runOnlyForDeploymentPostprocessing = 0;
		};
		E040CEE2227260A400CD30D7 /* Frameworks */ = {
			isa = PBXFrameworksBuildPhase;
			buildActionMask = 2147483647;
			files = (
				93D57EC7677FC7FFBBB54598 /* Pods_ChuckNorris_ChuckNorrisTests.framework in Frameworks */,
			);
			runOnlyForDeploymentPostprocessing = 0;
		};
/* End PBXFrameworksBuildPhase section */

/* Begin PBXGroup section */
		285D8BA92273360300756043 /* ChuckNorrisUITests */ = {
			isa = PBXGroup;
			children = (
				E00E4A122273E9D300772588 /* Networking */,
				285D8BC2227341C100756043 /* Extensions */,
				285D8BBB22733E3400756043 /* Components */,
				E00E4A0B2273E22500772588 /* Offline */,
				285D8BAA2273360300756043 /* ChuckNorrisUITests.swift */,
				285D8BAC2273360300756043 /* Info.plist */,
				285D8BBF22733F9300756043 /* ChuckNorrisUITests-Bridging-Header.h */,
			);
			path = ChuckNorrisUITests;
			sourceTree = "<group>";
		};
		285D8BB2227338D200756043 /* Components */ = {
			isa = PBXGroup;
			children = (
				285D8BB3227338D700756043 /* Facts */,
			);
			path = Components;
			sourceTree = "<group>";
		};
		285D8BB3227338D700756043 /* Facts */ = {
			isa = PBXGroup;
			children = (
				285D8BB4227338ED00756043 /* FactsDataSourceSpec.swift */,
				285D8BB622733C5100756043 /* FactsCollectionViewCellSpec.swift */,
			);
			path = Facts;
			sourceTree = "<group>";
		};
		285D8BB822733C7800756043 /* Extensions */ = {
			isa = PBXGroup;
			children = (
				285D8BB922733C8900756043 /* Joke+Extension.swift */,
			);
			path = Extensions;
			sourceTree = "<group>";
		};
		285D8BBB22733E3400756043 /* Components */ = {
			isa = PBXGroup;
			children = (
				285D8BBC22733E3800756043 /* Facts */,
				E00E4A242273EF5C00772588 /* Search */,
			);
			path = Components;
			sourceTree = "<group>";
		};
		285D8BBC22733E3800756043 /* Facts */ = {
			isa = PBXGroup;
			children = (
				285D8BBD22733E4E00756043 /* FactsViewControllerTests.swift */,
			);
			path = Facts;
			sourceTree = "<group>";
		};
		285D8BC2227341C100756043 /* Extensions */ = {
			isa = PBXGroup;
			children = (
				285D8BC3227341CD00756043 /* KIF+Extension.swift */,
				E00E4A0E2273E2F800772588 /* Joke+Extension.swift */,
				E00E4A152273EA8B00772588 /* JokesSearchResponse+Extension.swift */,
			);
			path = Extensions;
			sourceTree = "<group>";
		};
		2899BF62227783D000878959 /* Cells */ = {
			isa = PBXGroup;
			children = (
				E046C4482277C2B500F2C241 /* SearchTitleCollectionViewCell.swift */,
				2899BF632277845800878959 /* SearchSuggestionCollectionViewCell.swift */,
				E046C44A2277C49900F2C241 /* SearchPastSearchCollectionViewCell.swift */,
			);
			path = Cells;
			sourceTree = "<group>";
		};
		2899BF6522778AEE00878959 /* DataSources */ = {
			isa = PBXGroup;
			children = (
				2899BF6622778AFE00878959 /* SearchDataSource.swift */,
			);
			path = DataSources;
			sourceTree = "<group>";
		};
		428ABD97199B7778AB060E86 /* Frameworks */ = {
			isa = PBXGroup;
			children = (
				D3EAD1F148666D24F5307B3F /* Pods_ChuckNorris.framework */,
				4C6057A582B106502BBC6191 /* Pods_ChuckNorris_ChuckNorrisTests.framework */,
				4FDFA52AF2EDB2A0173E846F /* Pods_ChuckNorris_ChuckNorrisUITests.framework */,
			);
			name = Frameworks;
			sourceTree = "<group>";
		};
		E00E49FF2273C88600772588 /* Offline */ = {
			isa = PBXGroup;
			children = (
				E00E4A002273C89500772588 /* Database.swift */,
				E046C44C2277E09F00F2C241 /* DatabaseLoadable.swift */,
			);
			path = Offline;
			sourceTree = "<group>";
		};
		E00E4A022273D95800772588 /* DataSources */ = {
			isa = PBXGroup;
			children = (
				E040CF1B22728BA400CD30D7 /* FactsDataSource.swift */,
			);
			path = DataSources;
			sourceTree = "<group>";
		};
		E00E4A032273D96200772588 /* State */ = {
			isa = PBXGroup;
			children = (
				E040CF1322727A6D00CD30D7 /* FactsViewControllerViewState.swift */,
			);
			path = State;
			sourceTree = "<group>";
		};
		E00E4A042273D96900772588 /* Views */ = {
			isa = PBXGroup;
			children = (
				E040CF1122727A2000CD30D7 /* FactsViewControllerScreen.swift */,
				E00E4A062273D9CB00772588 /* FactsEmptyView.swift */,
			);
			path = Views;
			sourceTree = "<group>";
		};
		E00E4A052273D97200772588 /* Cells */ = {
			isa = PBXGroup;
			children = (
				E040CF17227288DC00CD30D7 /* FactsCollectionViewCell.swift */,
			);
			path = Cells;
			sourceTree = "<group>";
		};
		E00E4A0B2273E22500772588 /* Offline */ = {
			isa = PBXGroup;
			children = (
				E00E4A0C2273E24300772588 /* FakeDatabase.swift */,
			);
			path = Offline;
			sourceTree = "<group>";
		};
		E00E4A122273E9D300772588 /* Networking */ = {
			isa = PBXGroup;
			children = (
				E00E4A132273E9E600772588 /* FakeChuckNorrisWebservice.swift */,
			);
			path = Networking;
			sourceTree = "<group>";
		};
		E00E4A172273EC1300772588 /* Search */ = {
			isa = PBXGroup;
			children = (
				2899BF6522778AEE00878959 /* DataSources */,
				2899BF62227783D000878959 /* Cells */,
				E00E4A1F2273EDC700772588 /* Views */,
				E00E4A1C2273ED0C00772588 /* State */,
				E00E4A182273EC2A00772588 /* SearchViewController.swift */,
			);
			path = Search;
			sourceTree = "<group>";
		};
		E00E4A1C2273ED0C00772588 /* State */ = {
			isa = PBXGroup;
			children = (
				E00E4A1D2273ED1600772588 /* SerachViewControllerViewState.swift */,
			);
			path = State;
			sourceTree = "<group>";
		};
		E00E4A1F2273EDC700772588 /* Views */ = {
			isa = PBXGroup;
			children = (
				E046C4462277C0C900F2C241 /* LeftAlignedFlowLayout.swift */,
				E00E4A202273EDD200772588 /* SearchViewControllerScreen.swift */,
				E00E4A222273EE4C00772588 /* SearchEmptyView.swift */,
				E046C452227872D200F2C241 /* SearchErrorView.swift */,
			);
			path = Views;
			sourceTree = "<group>";
		};
		E00E4A242273EF5C00772588 /* Search */ = {
			isa = PBXGroup;
			children = (
				E00E4A252273EF6900772588 /* SearchViewControllerTests.swift */,
			);
			path = Search;
			sourceTree = "<group>";
		};
		E040CEC8227260A300CD30D7 = {
			isa = PBXGroup;
			children = (
				E040CED3227260A300CD30D7 /* ChuckNorris */,
				E040CEE8227260A400CD30D7 /* ChuckNorrisTests */,
				285D8BA92273360300756043 /* ChuckNorrisUITests */,
				E040CED2227260A300CD30D7 /* Products */,
				E110CFF8643097C0FB83B5FF /* Pods */,
				428ABD97199B7778AB060E86 /* Frameworks */,
			);
			sourceTree = "<group>";
		};
		E040CED2227260A300CD30D7 /* Products */ = {
			isa = PBXGroup;
			children = (
				E040CED1227260A300CD30D7 /* ChuckNorris.app */,
				E040CEE5227260A400CD30D7 /* ChuckNorrisTests.xctest */,
				285D8BA82273360300756043 /* ChuckNorrisUITests.xctest */,
			);
			name = Products;
			sourceTree = "<group>";
		};
		E040CED3227260A300CD30D7 /* ChuckNorris */ = {
			isa = PBXGroup;
			children = (
				E040CEFD2272671200CD30D7 /* Components */,
				E040CF1D22729A3E00CD30D7 /* Models */,
				E00E49FF2273C88600772588 /* Offline */,
				E040CF062272682500CD30D7 /* Networking */,
				E040CF0E22726EBC00CD30D7 /* Constants */,
				E040CEF62272661900CD30D7 /* Extensions */,
				E040CEFE2272673500CD30D7 /* Coordinator */,
				E040CF0A22726C4100CD30D7 /* Utils */,
				E040CEE0227260A400CD30D7 /* Info.plist */,
				E040CED4227260A300CD30D7 /* AppDelegate.swift */,
				E040CEDB227260A400CD30D7 /* Assets.xcassets */,
				E040CEDD227260A400CD30D7 /* LaunchScreen.storyboard */,
			);
			path = ChuckNorris;
			sourceTree = "<group>";
		};
		E040CEE8227260A400CD30D7 /* ChuckNorrisTests */ = {
			isa = PBXGroup;
			children = (
				285D8BB2227338D200756043 /* Components */,
				285D8BB822733C7800756043 /* Extensions */,
				E040CEEB227260A500CD30D7 /* Info.plist */,
			);
			path = ChuckNorrisTests;
			sourceTree = "<group>";
		};
		E040CEF62272661900CD30D7 /* Extensions */ = {
			isa = PBXGroup;
			children = (
				E040CEF72272662400CD30D7 /* UIView+Extension.swift */,
				E040CEF92272669100CD30D7 /* UICollectionView+Extension.swift */,
				E040CEFB227266D300CD30D7 /* UICollectionReusableView+Extension.swift */,
				E040CF192272894B00CD30D7 /* UILabel+Extension.swift */,
				E046C4502277E6DB00F2C241 /* Array+Extension.swift */,
			);
			path = Extensions;
			sourceTree = "<group>";
		};
		E040CEFD2272671200CD30D7 /* Components */ = {
			isa = PBXGroup;
			children = (
				E040CF03227267BC00CD30D7 /* Facts */,
			);
			path = Components;
			sourceTree = "<group>";
		};
		E040CEFE2272673500CD30D7 /* Coordinator */ = {
			isa = PBXGroup;
			children = (
				E040CEFF2272675200CD30D7 /* Coordinator.swift */,
				E040CF012272679800CD30D7 /* ApplicationCoordinator.swift */,
			);
			path = Coordinator;
			sourceTree = "<group>";
		};
		E040CF03227267BC00CD30D7 /* Facts */ = {
			isa = PBXGroup;
			children = (
				E00E4A172273EC1300772588 /* Search */,
				E00E4A052273D97200772588 /* Cells */,
				E00E4A042273D96900772588 /* Views */,
				E00E4A032273D96200772588 /* State */,
				E00E4A022273D95800772588 /* DataSources */,
				E040CEF42272658000CD30D7 /* FactsViewController.swift */,
				E040CF04227267C600CD30D7 /* FactsCoordinator.swift */,
			);
			path = Facts;
			sourceTree = "<group>";
		};
		E040CF062272682500CD30D7 /* Networking */ = {
			isa = PBXGroup;
			children = (
				E046C45C2279F22800F2C241 /* Endpoints */,
				E046C45B2279F22000F2C241 /* Request */,
				E046C45A2279499100F2C241 /* BaseWebservice */,
				E040CF2E2272A44900CD30D7 /* Webservices */,
				E040CF2B2272A00700CD30D7 /* Helpers */,
			);
			path = Networking;
			sourceTree = "<group>";
		};
		E040CF0A22726C4100CD30D7 /* Utils */ = {
			isa = PBXGroup;
			children = (
				E040CF0B22726C4900CD30D7 /* View */,
			);
			path = Utils;
			sourceTree = "<group>";
		};
		E040CF0B22726C4900CD30D7 /* View */ = {
			isa = PBXGroup;
			children = (
				E040CF0C22726C5300CD30D7 /* CodeView.swift */,
			);
			path = View;
			sourceTree = "<group>";
		};
		E040CF0E22726EBC00CD30D7 /* Constants */ = {
			isa = PBXGroup;
			children = (
				E040CF0F22726ECC00CD30D7 /* Color.swift */,
			);
			path = Constants;
			sourceTree = "<group>";
		};
		E040CF1D22729A3E00CD30D7 /* Models */ = {
			isa = PBXGroup;
			children = (
				E040CF2022729CD200CD30D7 /* Responses */,
				E040CF1E22729A5400CD30D7 /* Joke.swift */,
				E00E4A102273E46A00772588 /* Category.swift */,
				E046C44E2277E37400F2C241 /* PastSearch.swift */,
			);
			path = Models;
			sourceTree = "<group>";
		};
		E040CF2022729CD200CD30D7 /* Responses */ = {
			isa = PBXGroup;
			children = (
				E040CF2122729CEA00CD30D7 /* JokesSearchResponse.swift */,
			);
			path = Responses;
			sourceTree = "<group>";
		};
		E040CF2B2272A00700CD30D7 /* Helpers */ = {
			isa = PBXGroup;
			children = (
				E040CF2922729FF000CD30D7 /* Result.swift */,
				E040CF1522727BA000CD30D7 /* ApiError.swift */,
				E040CF2722729FBC00CD30D7 /* Response.swift */,
				E040CF2522729FA900CD30D7 /* Params.swift */,
				E046C4582279415500F2C241 /* HTTPMethod.swift */,
			);
			path = Helpers;
			sourceTree = "<group>";
		};
		E040CF2E2272A44900CD30D7 /* Webservices */ = {
			isa = PBXGroup;
			children = (
				E040CF082272684200CD30D7 /* ChuckNorrisWebservice.swift */,
			);
			path = Webservices;
			sourceTree = "<group>";
		};
		E046C45A2279499100F2C241 /* BaseWebservice */ = {
			isa = PBXGroup;
			children = (
				E046C45622793F5D00F2C241 /* Webservice.swift */,
				E046C45422793EF200F2C241 /* BaseWebservice.swift */,
			);
			path = BaseWebservice;
			sourceTree = "<group>";
		};
		E046C45B2279F22000F2C241 /* Request */ = {
			isa = PBXGroup;
			children = (
				E040CF2322729ED000CD30D7 /* Request.swift */,
			);
			path = Request;
			sourceTree = "<group>";
		};
		E046C45C2279F22800F2C241 /* Endpoints */ = {
			isa = PBXGroup;
			children = (
				E040CF2C2272A44100CD30D7 /* Endpoints.swift */,
			);
			path = Endpoints;
			sourceTree = "<group>";
		};
		E110CFF8643097C0FB83B5FF /* Pods */ = {
			isa = PBXGroup;
			children = (
				1723844506B7F406EBA017F4 /* Pods-ChuckNorris.debug.xcconfig */,
				15635DC83A65C4D316AA655F /* Pods-ChuckNorris.release.xcconfig */,
				E4E01A1B3E81280D78658267 /* Pods-ChuckNorris-ChuckNorrisTests.debug.xcconfig */,
				C59EA81B7320D7E0D8308571 /* Pods-ChuckNorris-ChuckNorrisTests.release.xcconfig */,
				446AC4BA44CEB26BB17B0336 /* Pods-ChuckNorris-ChuckNorrisUITests.debug.xcconfig */,
				31EF5E124B4F4D814A540631 /* Pods-ChuckNorris-ChuckNorrisUITests.release.xcconfig */,
			);
			path = Pods;
			sourceTree = "<group>";
		};
/* End PBXGroup section */

/* Begin PBXNativeTarget section */
		285D8BA72273360300756043 /* ChuckNorrisUITests */ = {
			isa = PBXNativeTarget;
			buildConfigurationList = 285D8BAF2273360300756043 /* Build configuration list for PBXNativeTarget "ChuckNorrisUITests" */;
			buildPhases = (
				9C96EA00DED9C3088703EBF7 /* [CP] Check Pods Manifest.lock */,
				285D8BA42273360300756043 /* Sources */,
				285D8BA52273360300756043 /* Frameworks */,
				285D8BA62273360300756043 /* Resources */,
				4677A8C1E9E61548D852B9F7 /* [CP] Embed Pods Frameworks */,
			);
			buildRules = (
			);
			dependencies = (
				285D8BAE2273360300756043 /* PBXTargetDependency */,
			);
			name = ChuckNorrisUITests;
			productName = ChuckNorrisUITests;
			productReference = 285D8BA82273360300756043 /* ChuckNorrisUITests.xctest */;
			productType = "com.apple.product-type.bundle.unit-test";
		};
		E040CED0227260A300CD30D7 /* ChuckNorris */ = {
			isa = PBXNativeTarget;
			buildConfigurationList = E040CEEE227260A500CD30D7 /* Build configuration list for PBXNativeTarget "ChuckNorris" */;
			buildPhases = (
				210FA5BE92AB645B289BCB97 /* [CP] Check Pods Manifest.lock */,
				E040CECD227260A300CD30D7 /* Sources */,
				E040CECE227260A300CD30D7 /* Frameworks */,
				E040CECF227260A300CD30D7 /* Resources */,
			);
			buildRules = (
			);
			dependencies = (
			);
			name = ChuckNorris;
			productName = ChuckNorris;
			productReference = E040CED1227260A300CD30D7 /* ChuckNorris.app */;
			productType = "com.apple.product-type.application";
		};
		E040CEE4227260A400CD30D7 /* ChuckNorrisTests */ = {
			isa = PBXNativeTarget;
			buildConfigurationList = E040CEF1227260A500CD30D7 /* Build configuration list for PBXNativeTarget "ChuckNorrisTests" */;
			buildPhases = (
				5FD90729588FBC03596799A3 /* [CP] Check Pods Manifest.lock */,
				E040CEE1227260A400CD30D7 /* Sources */,
				E040CEE2227260A400CD30D7 /* Frameworks */,
				E040CEE3227260A400CD30D7 /* Resources */,
				DE7A6E5713B1CD3B2097EE82 /* [CP] Embed Pods Frameworks */,
			);
			buildRules = (
			);
			dependencies = (
				E040CEE7227260A400CD30D7 /* PBXTargetDependency */,
			);
			name = ChuckNorrisTests;
			productName = ChuckNorrisTests;
			productReference = E040CEE5227260A400CD30D7 /* ChuckNorrisTests.xctest */;
			productType = "com.apple.product-type.bundle.unit-test";
		};
/* End PBXNativeTarget section */

/* Begin PBXProject section */
		E040CEC9227260A300CD30D7 /* Project object */ = {
			isa = PBXProject;
			attributes = {
				LastSwiftUpdateCheck = 1010;
				LastUpgradeCheck = 1010;
				ORGANIZATIONNAME = jonathanbijos;
				TargetAttributes = {
					285D8BA72273360300756043 = {
						CreatedOnToolsVersion = 10.1;
						LastSwiftMigration = 1010;
						TestTargetID = E040CED0227260A300CD30D7;
					};
					E040CED0227260A300CD30D7 = {
						CreatedOnToolsVersion = 10.1;
					};
					E040CEE4227260A400CD30D7 = {
						CreatedOnToolsVersion = 10.1;
						TestTargetID = E040CED0227260A300CD30D7;
					};
				};
			};
			buildConfigurationList = E040CECC227260A300CD30D7 /* Build configuration list for PBXProject "ChuckNorris" */;
			compatibilityVersion = "Xcode 9.3";
			developmentRegion = en;
			hasScannedForEncodings = 0;
			knownRegions = (
				en,
				Base,
			);
			mainGroup = E040CEC8227260A300CD30D7;
			productRefGroup = E040CED2227260A300CD30D7 /* Products */;
			projectDirPath = "";
			projectRoot = "";
			targets = (
				E040CED0227260A300CD30D7 /* ChuckNorris */,
				E040CEE4227260A400CD30D7 /* ChuckNorrisTests */,
				285D8BA72273360300756043 /* ChuckNorrisUITests */,
			);
		};
/* End PBXProject section */

/* Begin PBXResourcesBuildPhase section */
		285D8BA62273360300756043 /* Resources */ = {
			isa = PBXResourcesBuildPhase;
			buildActionMask = 2147483647;
			files = (
			);
			runOnlyForDeploymentPostprocessing = 0;
		};
		E040CECF227260A300CD30D7 /* Resources */ = {
			isa = PBXResourcesBuildPhase;
			buildActionMask = 2147483647;
			files = (
				E040CEDF227260A400CD30D7 /* LaunchScreen.storyboard in Resources */,
				E040CEDC227260A400CD30D7 /* Assets.xcassets in Resources */,
			);
			runOnlyForDeploymentPostprocessing = 0;
		};
		E040CEE3227260A400CD30D7 /* Resources */ = {
			isa = PBXResourcesBuildPhase;
			buildActionMask = 2147483647;
			files = (
			);
			runOnlyForDeploymentPostprocessing = 0;
		};
/* End PBXResourcesBuildPhase section */

/* Begin PBXShellScriptBuildPhase section */
		210FA5BE92AB645B289BCB97 /* [CP] Check Pods Manifest.lock */ = {
			isa = PBXShellScriptBuildPhase;
			buildActionMask = 2147483647;
			files = (
			);
			inputFileListPaths = (
			);
			inputPaths = (
				"${PODS_PODFILE_DIR_PATH}/Podfile.lock",
				"${PODS_ROOT}/Manifest.lock",
			);
			name = "[CP] Check Pods Manifest.lock";
			outputFileListPaths = (
			);
			outputPaths = (
				"$(DERIVED_FILE_DIR)/Pods-ChuckNorris-checkManifestLockResult.txt",
			);
			runOnlyForDeploymentPostprocessing = 0;
			shellPath = /bin/sh;
			shellScript = "diff \"${PODS_PODFILE_DIR_PATH}/Podfile.lock\" \"${PODS_ROOT}/Manifest.lock\" > /dev/null\nif [ $? != 0 ] ; then\n    # print error to STDERR\n    echo \"error: The sandbox is not in sync with the Podfile.lock. Run 'pod install' or update your CocoaPods installation.\" >&2\n    exit 1\nfi\n# This output is used by Xcode 'outputs' to avoid re-running this script phase.\necho \"SUCCESS\" > \"${SCRIPT_OUTPUT_FILE_0}\"\n";
			showEnvVarsInLog = 0;
		};
		4677A8C1E9E61548D852B9F7 /* [CP] Embed Pods Frameworks */ = {
			isa = PBXShellScriptBuildPhase;
			buildActionMask = 2147483647;
			files = (
			);
			inputFileListPaths = (
			);
			inputPaths = (
				"${PODS_ROOT}/Target Support Files/Pods-ChuckNorris-ChuckNorrisUITests/Pods-ChuckNorris-ChuckNorrisUITests-frameworks.sh",
				"${BUILT_PRODUCTS_DIR}/KIF/KIF.framework",
			);
			name = "[CP] Embed Pods Frameworks";
			outputFileListPaths = (
			);
			outputPaths = (
				"${TARGET_BUILD_DIR}/${FRAMEWORKS_FOLDER_PATH}/KIF.framework",
			);
			runOnlyForDeploymentPostprocessing = 0;
			shellPath = /bin/sh;
			shellScript = "\"${PODS_ROOT}/Target Support Files/Pods-ChuckNorris-ChuckNorrisUITests/Pods-ChuckNorris-ChuckNorrisUITests-frameworks.sh\"\n";
			showEnvVarsInLog = 0;
		};
		5FD90729588FBC03596799A3 /* [CP] Check Pods Manifest.lock */ = {
			isa = PBXShellScriptBuildPhase;
			buildActionMask = 2147483647;
			files = (
			);
			inputFileListPaths = (
			);
			inputPaths = (
				"${PODS_PODFILE_DIR_PATH}/Podfile.lock",
				"${PODS_ROOT}/Manifest.lock",
			);
			name = "[CP] Check Pods Manifest.lock";
			outputFileListPaths = (
			);
			outputPaths = (
				"$(DERIVED_FILE_DIR)/Pods-ChuckNorris-ChuckNorrisTests-checkManifestLockResult.txt",
			);
			runOnlyForDeploymentPostprocessing = 0;
			shellPath = /bin/sh;
			shellScript = "diff \"${PODS_PODFILE_DIR_PATH}/Podfile.lock\" \"${PODS_ROOT}/Manifest.lock\" > /dev/null\nif [ $? != 0 ] ; then\n    # print error to STDERR\n    echo \"error: The sandbox is not in sync with the Podfile.lock. Run 'pod install' or update your CocoaPods installation.\" >&2\n    exit 1\nfi\n# This output is used by Xcode 'outputs' to avoid re-running this script phase.\necho \"SUCCESS\" > \"${SCRIPT_OUTPUT_FILE_0}\"\n";
			showEnvVarsInLog = 0;
		};
		9C96EA00DED9C3088703EBF7 /* [CP] Check Pods Manifest.lock */ = {
			isa = PBXShellScriptBuildPhase;
			buildActionMask = 2147483647;
			files = (
			);
			inputFileListPaths = (
			);
			inputPaths = (
				"${PODS_PODFILE_DIR_PATH}/Podfile.lock",
				"${PODS_ROOT}/Manifest.lock",
			);
			name = "[CP] Check Pods Manifest.lock";
			outputFileListPaths = (
			);
			outputPaths = (
				"$(DERIVED_FILE_DIR)/Pods-ChuckNorris-ChuckNorrisUITests-checkManifestLockResult.txt",
			);
			runOnlyForDeploymentPostprocessing = 0;
			shellPath = /bin/sh;
			shellScript = "diff \"${PODS_PODFILE_DIR_PATH}/Podfile.lock\" \"${PODS_ROOT}/Manifest.lock\" > /dev/null\nif [ $? != 0 ] ; then\n    # print error to STDERR\n    echo \"error: The sandbox is not in sync with the Podfile.lock. Run 'pod install' or update your CocoaPods installation.\" >&2\n    exit 1\nfi\n# This output is used by Xcode 'outputs' to avoid re-running this script phase.\necho \"SUCCESS\" > \"${SCRIPT_OUTPUT_FILE_0}\"\n";
			showEnvVarsInLog = 0;
		};
		DE7A6E5713B1CD3B2097EE82 /* [CP] Embed Pods Frameworks */ = {
			isa = PBXShellScriptBuildPhase;
			buildActionMask = 2147483647;
			files = (
			);
			inputFileListPaths = (
			);
			inputPaths = (
				"${PODS_ROOT}/Target Support Files/Pods-ChuckNorris-ChuckNorrisTests/Pods-ChuckNorris-ChuckNorrisTests-frameworks.sh",
				"${BUILT_PRODUCTS_DIR}/Mockingjay/Mockingjay.framework",
				"${BUILT_PRODUCTS_DIR}/Nimble/Nimble.framework",
				"${BUILT_PRODUCTS_DIR}/Quick/Quick.framework",
				"${BUILT_PRODUCTS_DIR}/URITemplate/URITemplate.framework",
			);
			name = "[CP] Embed Pods Frameworks";
			outputFileListPaths = (
			);
			outputPaths = (
				"${TARGET_BUILD_DIR}/${FRAMEWORKS_FOLDER_PATH}/Mockingjay.framework",
				"${TARGET_BUILD_DIR}/${FRAMEWORKS_FOLDER_PATH}/Nimble.framework",
				"${TARGET_BUILD_DIR}/${FRAMEWORKS_FOLDER_PATH}/Quick.framework",
				"${TARGET_BUILD_DIR}/${FRAMEWORKS_FOLDER_PATH}/URITemplate.framework",
			);
			runOnlyForDeploymentPostprocessing = 0;
			shellPath = /bin/sh;
			shellScript = "\"${PODS_ROOT}/Target Support Files/Pods-ChuckNorris-ChuckNorrisTests/Pods-ChuckNorris-ChuckNorrisTests-frameworks.sh\"\n";
			showEnvVarsInLog = 0;
		};
/* End PBXShellScriptBuildPhase section */

/* Begin PBXSourcesBuildPhase section */
		285D8BA42273360300756043 /* Sources */ = {
			isa = PBXSourcesBuildPhase;
			buildActionMask = 2147483647;
			files = (
				E00E4A0D2273E24300772588 /* FakeDatabase.swift in Sources */,
				285D8BBE22733E4E00756043 /* FactsViewControllerTests.swift in Sources */,
				E00E4A262273EF6900772588 /* SearchViewControllerTests.swift in Sources */,
				285D8BC4227341CD00756043 /* KIF+Extension.swift in Sources */,
				E00E4A142273E9E600772588 /* FakeChuckNorrisWebservice.swift in Sources */,
				285D8BAB2273360300756043 /* ChuckNorrisUITests.swift in Sources */,
				E00E4A0F2273E2F800772588 /* Joke+Extension.swift in Sources */,
				E00E4A162273EA8B00772588 /* JokesSearchResponse+Extension.swift in Sources */,
			);
			runOnlyForDeploymentPostprocessing = 0;
		};
		E040CECD227260A300CD30D7 /* Sources */ = {
			isa = PBXSourcesBuildPhase;
			buildActionMask = 2147483647;
			files = (
				E040CEFA2272669100CD30D7 /* UICollectionView+Extension.swift in Sources */,
				E040CF092272684200CD30D7 /* ChuckNorrisWebservice.swift in Sources */,
				E040CF1C22728BA400CD30D7 /* FactsDataSource.swift in Sources */,
				E00E4A012273C89500772588 /* Database.swift in Sources */,
				E040CF1022726ECC00CD30D7 /* Color.swift in Sources */,
				E040CF2222729CEA00CD30D7 /* JokesSearchResponse.swift in Sources */,
				2899BF6722778AFE00878959 /* SearchDataSource.swift in Sources */,
				E046C4492277C2B500F2C241 /* SearchTitleCollectionViewCell.swift in Sources */,
				E040CEF82272662400CD30D7 /* UIView+Extension.swift in Sources */,
				E046C44F2277E37400F2C241 /* PastSearch.swift in Sources */,
				E00E4A1E2273ED1600772588 /* SerachViewControllerViewState.swift in Sources */,
				E040CF0D22726C5300CD30D7 /* CodeView.swift in Sources */,
				E040CF002272675200CD30D7 /* Coordinator.swift in Sources */,
				E040CEFC227266D300CD30D7 /* UICollectionReusableView+Extension.swift in Sources */,
				E046C4472277C0C900F2C241 /* LeftAlignedFlowLayout.swift in Sources */,
				E040CF1622727BA000CD30D7 /* ApiError.swift in Sources */,
				E040CF1A2272894B00CD30D7 /* UILabel+Extension.swift in Sources */,
				E040CED5227260A300CD30D7 /* AppDelegate.swift in Sources */,
				E046C4592279415500F2C241 /* HTTPMethod.swift in Sources */,
				2899BF642277845800878959 /* SearchSuggestionCollectionViewCell.swift in Sources */,
				E046C453227872D200F2C241 /* SearchErrorView.swift in Sources */,
				E040CF18227288DC00CD30D7 /* FactsCollectionViewCell.swift in Sources */,
				E046C44D2277E09F00F2C241 /* DatabaseLoadable.swift in Sources */,
				E046C45722793F5D00F2C241 /* Webservice.swift in Sources */,
				E040CF2A22729FF000CD30D7 /* Result.swift in Sources */,
				E00E4A232273EE4C00772588 /* SearchEmptyView.swift in Sources */,
				E040CEF52272658000CD30D7 /* FactsViewController.swift in Sources */,
				E046C4512277E6DB00F2C241 /* Array+Extension.swift in Sources */,
				E040CF1422727A6D00CD30D7 /* FactsViewControllerViewState.swift in Sources */,
				E040CF2622729FA900CD30D7 /* Params.swift in Sources */,
				E040CF1F22729A5400CD30D7 /* Joke.swift in Sources */,
				E040CF05227267C600CD30D7 /* FactsCoordinator.swift in Sources */,
				E046C45522793EF200F2C241 /* BaseWebservice.swift in Sources */,
				E046C44B2277C49900F2C241 /* SearchPastSearchCollectionViewCell.swift in Sources */,
				E040CF2822729FBC00CD30D7 /* Response.swift in Sources */,
				E040CF2422729ED000CD30D7 /* Request.swift in Sources */,
				E00E4A192273EC2A00772588 /* SearchViewController.swift in Sources */,
				E00E4A072273D9CB00772588 /* FactsEmptyView.swift in Sources */,
				E00E4A112273E46A00772588 /* Category.swift in Sources */,
				E00E4A212273EDD200772588 /* SearchViewControllerScreen.swift in Sources */,
				E040CF1222727A2000CD30D7 /* FactsViewControllerScreen.swift in Sources */,
				E040CF2D2272A44100CD30D7 /* Endpoints.swift in Sources */,
				E040CF022272679800CD30D7 /* ApplicationCoordinator.swift in Sources */,
			);
			runOnlyForDeploymentPostprocessing = 0;
		};
		E040CEE1227260A400CD30D7 /* Sources */ = {
			isa = PBXSourcesBuildPhase;
			buildActionMask = 2147483647;
			files = (
				285D8BBA22733C8900756043 /* Joke+Extension.swift in Sources */,
				285D8BB5227338ED00756043 /* FactsDataSourceSpec.swift in Sources */,
				285D8BB722733C5100756043 /* FactsCollectionViewCellSpec.swift in Sources */,
			);
			runOnlyForDeploymentPostprocessing = 0;
		};
/* End PBXSourcesBuildPhase section */

/* Begin PBXTargetDependency section */
		285D8BAE2273360300756043 /* PBXTargetDependency */ = {
			isa = PBXTargetDependency;
			target = E040CED0227260A300CD30D7 /* ChuckNorris */;
			targetProxy = 285D8BAD2273360300756043 /* PBXContainerItemProxy */;
		};
		E040CEE7227260A400CD30D7 /* PBXTargetDependency */ = {
			isa = PBXTargetDependency;
			target = E040CED0227260A300CD30D7 /* ChuckNorris */;
			targetProxy = E040CEE6227260A400CD30D7 /* PBXContainerItemProxy */;
		};
/* End PBXTargetDependency section */

/* Begin PBXVariantGroup section */
		E040CEDD227260A400CD30D7 /* LaunchScreen.storyboard */ = {
			isa = PBXVariantGroup;
			children = (
				E040CEDE227260A400CD30D7 /* Base */,
			);
			name = LaunchScreen.storyboard;
			sourceTree = "<group>";
		};
/* End PBXVariantGroup section */

/* Begin XCBuildConfiguration section */
		285D8BB02273360300756043 /* Debug */ = {
			isa = XCBuildConfiguration;
			baseConfigurationReference = 446AC4BA44CEB26BB17B0336 /* Pods-ChuckNorris-ChuckNorrisUITests.debug.xcconfig */;
			buildSettings = {
				BUNDLE_LOADER = "$(TEST_HOST)";
				CLANG_ENABLE_MODULES = YES;
				CODE_SIGN_STYLE = Automatic;
				DEVELOPMENT_TEAM = ZPEUGUU6JH;
				INFOPLIST_FILE = ChuckNorrisUITests/Info.plist;
				LD_RUNPATH_SEARCH_PATHS = (
					"$(inherited)",
					"@executable_path/Frameworks",
					"@loader_path/Frameworks",
				);
				PRODUCT_BUNDLE_IDENTIFIER = jonathan.bijos.ChuckNorrisUITests;
				PRODUCT_NAME = "$(TARGET_NAME)";
				SWIFT_OBJC_BRIDGING_HEADER = "ChuckNorrisUITests/ChuckNorrisUITests-Bridging-Header.h";
				SWIFT_OPTIMIZATION_LEVEL = "-Onone";
				SWIFT_VERSION = 4.2;
				TARGETED_DEVICE_FAMILY = "1,2";
				TEST_HOST = "$(BUILT_PRODUCTS_DIR)/ChuckNorris.app/ChuckNorris";
			};
			name = Debug;
		};
		285D8BB12273360300756043 /* Release */ = {
			isa = XCBuildConfiguration;
			baseConfigurationReference = 31EF5E124B4F4D814A540631 /* Pods-ChuckNorris-ChuckNorrisUITests.release.xcconfig */;
			buildSettings = {
				BUNDLE_LOADER = "$(TEST_HOST)";
				CLANG_ENABLE_MODULES = YES;
				CODE_SIGN_STYLE = Automatic;
				DEVELOPMENT_TEAM = ZPEUGUU6JH;
				INFOPLIST_FILE = ChuckNorrisUITests/Info.plist;
				LD_RUNPATH_SEARCH_PATHS = (
					"$(inherited)",
					"@executable_path/Frameworks",
					"@loader_path/Frameworks",
				);
				PRODUCT_BUNDLE_IDENTIFIER = jonathan.bijos.ChuckNorrisUITests;
				PRODUCT_NAME = "$(TARGET_NAME)";
				SWIFT_OBJC_BRIDGING_HEADER = "ChuckNorrisUITests/ChuckNorrisUITests-Bridging-Header.h";
				SWIFT_VERSION = 4.2;
				TARGETED_DEVICE_FAMILY = "1,2";
				TEST_HOST = "$(BUILT_PRODUCTS_DIR)/ChuckNorris.app/ChuckNorris";
			};
			name = Release;
		};
		E040CEEC227260A500CD30D7 /* Debug */ = {
			isa = XCBuildConfiguration;
			buildSettings = {
				ALWAYS_SEARCH_USER_PATHS = NO;
				CLANG_ANALYZER_NONNULL = YES;
				CLANG_ANALYZER_NUMBER_OBJECT_CONVERSION = YES_AGGRESSIVE;
				CLANG_CXX_LANGUAGE_STANDARD = "gnu++14";
				CLANG_CXX_LIBRARY = "libc++";
				CLANG_ENABLE_MODULES = YES;
				CLANG_ENABLE_OBJC_ARC = YES;
				CLANG_ENABLE_OBJC_WEAK = YES;
				CLANG_WARN_BLOCK_CAPTURE_AUTORELEASING = YES;
				CLANG_WARN_BOOL_CONVERSION = YES;
				CLANG_WARN_COMMA = YES;
				CLANG_WARN_CONSTANT_CONVERSION = YES;
				CLANG_WARN_DEPRECATED_OBJC_IMPLEMENTATIONS = YES;
				CLANG_WARN_DIRECT_OBJC_ISA_USAGE = YES_ERROR;
				CLANG_WARN_DOCUMENTATION_COMMENTS = YES;
				CLANG_WARN_EMPTY_BODY = YES;
				CLANG_WARN_ENUM_CONVERSION = YES;
				CLANG_WARN_INFINITE_RECURSION = YES;
				CLANG_WARN_INT_CONVERSION = YES;
				CLANG_WARN_NON_LITERAL_NULL_CONVERSION = YES;
				CLANG_WARN_OBJC_IMPLICIT_RETAIN_SELF = YES;
				CLANG_WARN_OBJC_LITERAL_CONVERSION = YES;
				CLANG_WARN_OBJC_ROOT_CLASS = YES_ERROR;
				CLANG_WARN_RANGE_LOOP_ANALYSIS = YES;
				CLANG_WARN_STRICT_PROTOTYPES = YES;
				CLANG_WARN_SUSPICIOUS_MOVE = YES;
				CLANG_WARN_UNGUARDED_AVAILABILITY = YES_AGGRESSIVE;
				CLANG_WARN_UNREACHABLE_CODE = YES;
				CLANG_WARN__DUPLICATE_METHOD_MATCH = YES;
				CODE_SIGN_IDENTITY = "iPhone Developer";
				COPY_PHASE_STRIP = NO;
				DEBUG_INFORMATION_FORMAT = dwarf;
				ENABLE_STRICT_OBJC_MSGSEND = YES;
				ENABLE_TESTABILITY = YES;
				GCC_C_LANGUAGE_STANDARD = gnu11;
				GCC_DYNAMIC_NO_PIC = NO;
				GCC_NO_COMMON_BLOCKS = YES;
				GCC_OPTIMIZATION_LEVEL = 0;
				GCC_PREPROCESSOR_DEFINITIONS = (
					"DEBUG=1",
					"$(inherited)",
				);
				GCC_WARN_64_TO_32_BIT_CONVERSION = YES;
				GCC_WARN_ABOUT_RETURN_TYPE = YES_ERROR;
				GCC_WARN_UNDECLARED_SELECTOR = YES;
				GCC_WARN_UNINITIALIZED_AUTOS = YES_AGGRESSIVE;
				GCC_WARN_UNUSED_FUNCTION = YES;
				GCC_WARN_UNUSED_VARIABLE = YES;
				IPHONEOS_DEPLOYMENT_TARGET = 12.1;
				MTL_ENABLE_DEBUG_INFO = INCLUDE_SOURCE;
				MTL_FAST_MATH = YES;
				ONLY_ACTIVE_ARCH = YES;
				SDKROOT = iphoneos;
				SWIFT_ACTIVE_COMPILATION_CONDITIONS = DEBUG;
				SWIFT_OPTIMIZATION_LEVEL = "-Onone";
			};
			name = Debug;
		};
		E040CEED227260A500CD30D7 /* Release */ = {
			isa = XCBuildConfiguration;
			buildSettings = {
				ALWAYS_SEARCH_USER_PATHS = NO;
				CLANG_ANALYZER_NONNULL = YES;
				CLANG_ANALYZER_NUMBER_OBJECT_CONVERSION = YES_AGGRESSIVE;
				CLANG_CXX_LANGUAGE_STANDARD = "gnu++14";
				CLANG_CXX_LIBRARY = "libc++";
				CLANG_ENABLE_MODULES = YES;
				CLANG_ENABLE_OBJC_ARC = YES;
				CLANG_ENABLE_OBJC_WEAK = YES;
				CLANG_WARN_BLOCK_CAPTURE_AUTORELEASING = YES;
				CLANG_WARN_BOOL_CONVERSION = YES;
				CLANG_WARN_COMMA = YES;
				CLANG_WARN_CONSTANT_CONVERSION = YES;
				CLANG_WARN_DEPRECATED_OBJC_IMPLEMENTATIONS = YES;
				CLANG_WARN_DIRECT_OBJC_ISA_USAGE = YES_ERROR;
				CLANG_WARN_DOCUMENTATION_COMMENTS = YES;
				CLANG_WARN_EMPTY_BODY = YES;
				CLANG_WARN_ENUM_CONVERSION = YES;
				CLANG_WARN_INFINITE_RECURSION = YES;
				CLANG_WARN_INT_CONVERSION = YES;
				CLANG_WARN_NON_LITERAL_NULL_CONVERSION = YES;
				CLANG_WARN_OBJC_IMPLICIT_RETAIN_SELF = YES;
				CLANG_WARN_OBJC_LITERAL_CONVERSION = YES;
				CLANG_WARN_OBJC_ROOT_CLASS = YES_ERROR;
				CLANG_WARN_RANGE_LOOP_ANALYSIS = YES;
				CLANG_WARN_STRICT_PROTOTYPES = YES;
				CLANG_WARN_SUSPICIOUS_MOVE = YES;
				CLANG_WARN_UNGUARDED_AVAILABILITY = YES_AGGRESSIVE;
				CLANG_WARN_UNREACHABLE_CODE = YES;
				CLANG_WARN__DUPLICATE_METHOD_MATCH = YES;
				CODE_SIGN_IDENTITY = "iPhone Developer";
				COPY_PHASE_STRIP = NO;
				DEBUG_INFORMATION_FORMAT = "dwarf-with-dsym";
				ENABLE_NS_ASSERTIONS = NO;
				ENABLE_STRICT_OBJC_MSGSEND = YES;
				GCC_C_LANGUAGE_STANDARD = gnu11;
				GCC_NO_COMMON_BLOCKS = YES;
				GCC_WARN_64_TO_32_BIT_CONVERSION = YES;
				GCC_WARN_ABOUT_RETURN_TYPE = YES_ERROR;
				GCC_WARN_UNDECLARED_SELECTOR = YES;
				GCC_WARN_UNINITIALIZED_AUTOS = YES_AGGRESSIVE;
				GCC_WARN_UNUSED_FUNCTION = YES;
				GCC_WARN_UNUSED_VARIABLE = YES;
				IPHONEOS_DEPLOYMENT_TARGET = 12.1;
				MTL_ENABLE_DEBUG_INFO = NO;
				MTL_FAST_MATH = YES;
				SDKROOT = iphoneos;
				SWIFT_COMPILATION_MODE = wholemodule;
				SWIFT_OPTIMIZATION_LEVEL = "-O";
				VALIDATE_PRODUCT = YES;
			};
			name = Release;
		};
		E040CEEF227260A500CD30D7 /* Debug */ = {
			isa = XCBuildConfiguration;
			baseConfigurationReference = 1723844506B7F406EBA017F4 /* Pods-ChuckNorris.debug.xcconfig */;
			buildSettings = {
				ASSETCATALOG_COMPILER_APPICON_NAME = AppIcon;
				CODE_SIGN_IDENTITY = "iPhone Developer";
				CODE_SIGN_STYLE = Automatic;
				DEVELOPMENT_TEAM = ZPEUGUU6JH;
				INFOPLIST_FILE = ChuckNorris/Info.plist;
				LD_RUNPATH_SEARCH_PATHS = (
					"$(inherited)",
					"@executable_path/Frameworks",
				);
				PRODUCT_BUNDLE_IDENTIFIER = com.jonathanbijos.ChuckNorris;
				PRODUCT_NAME = "$(TARGET_NAME)";
				PROVISIONING_PROFILE_SPECIFIER = "";
				SWIFT_VERSION = 5.0;
				TARGETED_DEVICE_FAMILY = "1,2";
			};
			name = Debug;
		};
		E040CEF0227260A500CD30D7 /* Release */ = {
			isa = XCBuildConfiguration;
			baseConfigurationReference = 15635DC83A65C4D316AA655F /* Pods-ChuckNorris.release.xcconfig */;
			buildSettings = {
				ASSETCATALOG_COMPILER_APPICON_NAME = AppIcon;
				CODE_SIGN_IDENTITY = "iPhone Developer";
				CODE_SIGN_STYLE = Automatic;
				DEVELOPMENT_TEAM = ZPEUGUU6JH;
				INFOPLIST_FILE = ChuckNorris/Info.plist;
				LD_RUNPATH_SEARCH_PATHS = (
					"$(inherited)",
					"@executable_path/Frameworks",
				);
				PRODUCT_BUNDLE_IDENTIFIER = com.jonathanbijos.ChuckNorris;
				PRODUCT_NAME = "$(TARGET_NAME)";
				PROVISIONING_PROFILE_SPECIFIER = "";
				SWIFT_VERSION = 5.0;
				TARGETED_DEVICE_FAMILY = "1,2";
			};
			name = Release;
		};
		E040CEF2227260A500CD30D7 /* Debug */ = {
			isa = XCBuildConfiguration;
			baseConfigurationReference = E4E01A1B3E81280D78658267 /* Pods-ChuckNorris-ChuckNorrisTests.debug.xcconfig */;
			buildSettings = {
				ALWAYS_EMBED_SWIFT_STANDARD_LIBRARIES = "$(inherited)";
				BUNDLE_LOADER = "$(TEST_HOST)";
				CODE_SIGN_STYLE = Automatic;
				DEVELOPMENT_TEAM = ZPEUGUU6JH;
				INFOPLIST_FILE = ChuckNorrisTests/Info.plist;
				LD_RUNPATH_SEARCH_PATHS = (
					"$(inherited)",
					"@executable_path/Frameworks",
					"@loader_path/Frameworks",
				);
				PRODUCT_BUNDLE_IDENTIFIER = com.jonathanbijos.ChuckNorrisTests;
				PRODUCT_NAME = "$(TARGET_NAME)";
				SWIFT_VERSION = 4.2;
				TARGETED_DEVICE_FAMILY = "1,2";
				TEST_HOST = "$(BUILT_PRODUCTS_DIR)/ChuckNorris.app/ChuckNorris";
			};
			name = Debug;
		};
		E040CEF3227260A500CD30D7 /* Release */ = {
			isa = XCBuildConfiguration;
			baseConfigurationReference = C59EA81B7320D7E0D8308571 /* Pods-ChuckNorris-ChuckNorrisTests.release.xcconfig */;
			buildSettings = {
				ALWAYS_EMBED_SWIFT_STANDARD_LIBRARIES = "$(inherited)";
				BUNDLE_LOADER = "$(TEST_HOST)";
				CODE_SIGN_STYLE = Automatic;
				DEVELOPMENT_TEAM = ZPEUGUU6JH;
				INFOPLIST_FILE = ChuckNorrisTests/Info.plist;
				LD_RUNPATH_SEARCH_PATHS = (
					"$(inherited)",
					"@executable_path/Frameworks",
					"@loader_path/Frameworks",
				);
				PRODUCT_BUNDLE_IDENTIFIER = com.jonathanbijos.ChuckNorrisTests;
				PRODUCT_NAME = "$(TARGET_NAME)";
				SWIFT_VERSION = 4.2;
				TARGETED_DEVICE_FAMILY = "1,2";
				TEST_HOST = "$(BUILT_PRODUCTS_DIR)/ChuckNorris.app/ChuckNorris";
			};
			name = Release;
		};
/* End XCBuildConfiguration section */

/* Begin XCConfigurationList section */
		285D8BAF2273360300756043 /* Build configuration list for PBXNativeTarget "ChuckNorrisUITests" */ = {
			isa = XCConfigurationList;
			buildConfigurations = (
				285D8BB02273360300756043 /* Debug */,
				285D8BB12273360300756043 /* Release */,
			);
			defaultConfigurationIsVisible = 0;
			defaultConfigurationName = Release;
		};
		E040CECC227260A300CD30D7 /* Build configuration list for PBXProject "ChuckNorris" */ = {
			isa = XCConfigurationList;
			buildConfigurations = (
				E040CEEC227260A500CD30D7 /* Debug */,
				E040CEED227260A500CD30D7 /* Release */,
			);
			defaultConfigurationIsVisible = 0;
			defaultConfigurationName = Release;
		};
		E040CEEE227260A500CD30D7 /* Build configuration list for PBXNativeTarget "ChuckNorris" */ = {
			isa = XCConfigurationList;
			buildConfigurations = (
				E040CEEF227260A500CD30D7 /* Debug */,
				E040CEF0227260A500CD30D7 /* Release */,
			);
			defaultConfigurationIsVisible = 0;
			defaultConfigurationName = Release;
		};
		E040CEF1227260A500CD30D7 /* Build configuration list for PBXNativeTarget "ChuckNorrisTests" */ = {
			isa = XCConfigurationList;
			buildConfigurations = (
				E040CEF2227260A500CD30D7 /* Debug */,
				E040CEF3227260A500CD30D7 /* Release */,
			);
			defaultConfigurationIsVisible = 0;
			defaultConfigurationName = Release;
		};
/* End XCConfigurationList section */
	};
	rootObject = E040CEC9227260A300CD30D7 /* Project object */;
}
